// !$*UTF8*$!
{
	archiveVersion = 1;
	classes = {
	};
	objectVersion = 46;
	objects = {

/* Begin PBXAggregateTarget section */
		A946457780B346F1B80EC1BE /* ZERO_CHECK */ = {
			isa = PBXAggregateTarget;
			buildConfigurationList = C3AF0EDDA97041409F84F36C /* Build configuration list for PBXAggregateTarget "ZERO_CHECK" */;
			buildPhases = (
				75950CAD22034BC5A536C819 /* CMake Rules */,
			);
			dependencies = (
			);
			name = ZERO_CHECK;
			productName = ZERO_CHECK;
		};
		C844A81402F045C99E1FD3B0 /* ALL_BUILD */ = {
			isa = PBXAggregateTarget;
			buildConfigurationList = 1253E4A3786B4DA6B4C2EEE6 /* Build configuration list for PBXAggregateTarget "ALL_BUILD" */;
			buildPhases = (
				F3BB067B0A194FCC98ADD6CE /* CMake Rules */,
			);
			dependencies = (
				77C6AEE739374F04B8E0E254 /* PBXTargetDependency */,
				C7CACE141F1B48D0B4E455F2 /* PBXTargetDependency */,
			);
			name = ALL_BUILD;
			productName = ALL_BUILD;
		};
/* End PBXAggregateTarget section */

/* Begin PBXBuildFile section */
		3F319A64B02845398B478CC5 /* /Users/bernardtaloza/Documents/cppworks/opensource/cpr-example/example.cpp */ = {isa = PBXBuildFile; fileRef = 93D87555D209419FAD5CBB63 /* /Users/bernardtaloza/Documents/cppworks/opensource/cpr-example/example.cpp */; settings = {COMPILER_FLAGS = ""; }; };
		DED80998ED4C49DABAE3E87E /* /Users/bernardtaloza/Documents/cppworks/opensource/cpr-example/CMakeLists.txt */ = {isa = PBXBuildFile; fileRef = B5342FD7C40C48D0B439DB36 /* /Users/bernardtaloza/Documents/cppworks/opensource/cpr-example/CMakeLists.txt */; settings = {COMPILER_FLAGS = ""; }; };
/* End PBXBuildFile section */

/* Begin PBXBuildStyle section */
		2D58793DA64448A3BC9A62A7 = {
			isa = PBXBuildStyle;
		};
		40E4EE9A110248AB99353B93 /* MinSizeRel */ = {
			isa = PBXBuildStyle;
			buildSettings = {
				COPY_PHASE_STRIP = NO;
			};
			name = MinSizeRel;
		};
		47BB701AE252469DAF43141B /* Debug */ = {
			isa = PBXBuildStyle;
			buildSettings = {
				COPY_PHASE_STRIP = NO;
			};
			name = Debug;
		};
		48BD03ADF0D04A04AD6B39B2 /* Release */ = {
			isa = PBXBuildStyle;
			buildSettings = {
				COPY_PHASE_STRIP = NO;
			};
			name = Release;
		};
		585A9660597B42C59A67455D /* RelWithDebInfo */ = {
			isa = PBXBuildStyle;
			buildSettings = {
				COPY_PHASE_STRIP = NO;
			};
			name = RelWithDebInfo;
		};
/* End PBXBuildStyle section */

/* Begin PBXContainerItemProxy section */
		13BB37626B7A4EA9B2D94C73 /* PBXContainerItemProxy */ = {
			isa = PBXContainerItemProxy;
			containerPortal = CCEAFE172AC7444996C08F53 /* Project object */;
			proxyType = 1;
			remoteGlobalIDString = A946457780B346F1B80EC1BE;
			remoteInfo = ZERO_CHECK;
		};
		9CB27730BEC54E2F84B500C2 /* PBXContainerItemProxy */ = {
			isa = PBXContainerItemProxy;
			containerPortal = CCEAFE172AC7444996C08F53 /* Project object */;
			proxyType = 1;
			remoteGlobalIDString = 25EDEF1BD9A7472CB62935B4;
			remoteInfo = example;
		};
		E3FC937B969743E7B138E004 /* PBXContainerItemProxy */ = {
			isa = PBXContainerItemProxy;
			containerPortal = CCEAFE172AC7444996C08F53 /* Project object */;
			proxyType = 1;
			remoteGlobalIDString = A946457780B346F1B80EC1BE;
			remoteInfo = ZERO_CHECK;
		};
/* End PBXContainerItemProxy section */

/* Begin PBXFileReference section */
		479CB0DB7DF74FE2949A89FF /* /Users/bernardtaloza/Documents/cppworks/opensource/cpr-example/CMakeLists.txt */ = {isa = PBXFileReference; explicitFileType = sourcecode.text; fileEncoding = 4; name = CMakeLists.txt; path = CMakeLists.txt; sourceTree = SOURCE_ROOT; };
		7D613D32188848CDB00F4712 /* example */ = {isa = PBXFileReference; explicitFileType = archive.ar; path = libexample.a; refType = 0; sourceTree = BUILT_PRODUCTS_DIR; };
		93D87555D209419FAD5CBB63 /* /Users/bernardtaloza/Documents/cppworks/opensource/cpr-example/example.cpp */ = {isa = PBXFileReference; explicitFileType = sourcecode.cpp.cpp; fileEncoding = 4; name = example.cpp; path = example.cpp; sourceTree = SOURCE_ROOT; };
		B27E915935C24770A3EF8793 /* /Users/bernardtaloza/Documents/cppworks/opensource/cpr-example/CMakeLists.txt */ = {isa = PBXFileReference; explicitFileType = sourcecode.text; fileEncoding = 4; name = CMakeLists.txt; path = CMakeLists.txt; sourceTree = SOURCE_ROOT; };
		B5342FD7C40C48D0B439DB36 /* /Users/bernardtaloza/Documents/cppworks/opensource/cpr-example/CMakeLists.txt */ = {isa = PBXFileReference; explicitFileType = sourcecode.text; fileEncoding = 4; name = CMakeLists.txt; path = CMakeLists.txt; sourceTree = SOURCE_ROOT; };
/* End PBXFileReference section */

/* Begin PBXGroup section */
		08FBAB632B564A86B838583C /* example */ = {
			isa = PBXGroup;
			children = (
				45F98D3587E24C81A5873164 /* Source Files */,
				B5342FD7C40C48D0B439DB36 /* /Users/bernardtaloza/Documents/cppworks/opensource/cpr-example/CMakeLists.txt */,
			);
			name = example;
			sourceTree = "<group>";
		};
		1AACD700937548718C20DCF3 /* CMake Rules */ = {
			isa = PBXGroup;
			children = (
			);
			name = "CMake Rules";
			sourceTree = "<group>";
		};
		36010BA34DBF42E08E200360 /* Resources */ = {
			isa = PBXGroup;
			children = (
			);
			name = Resources;
			sourceTree = "<group>";
		};
		45369916FADA4BCF8FB0764D = {
			isa = PBXGroup;
			children = (
				F7D1AC793FBB4F93849F8C89 /* Sources */,
				36010BA34DBF42E08E200360 /* Resources */,
				D469E416D14B44A8A09BE634 /* Products */,
			);
			sourceTree = "<group>";
		};
		45F98D3587E24C81A5873164 /* Source Files */ = {
			isa = PBXGroup;
			children = (
				93D87555D209419FAD5CBB63 /* /Users/bernardtaloza/Documents/cppworks/opensource/cpr-example/example.cpp */,
			);
			name = "Source Files";
			sourceTree = "<group>";
		};
		86F7A8C84BBA4F6FA50A6973 /* ZERO_CHECK */ = {
			isa = PBXGroup;
			children = (
				1AACD700937548718C20DCF3 /* CMake Rules */,
				B27E915935C24770A3EF8793 /* /Users/bernardtaloza/Documents/cppworks/opensource/cpr-example/CMakeLists.txt */,
			);
			name = ZERO_CHECK;
			sourceTree = "<group>";
		};
		8778C01EDA8547A7A92D307D /* ALL_BUILD */ = {
			isa = PBXGroup;
			children = (
				A152BBED85394730A5409072 /* CMake Rules */,
				479CB0DB7DF74FE2949A89FF /* /Users/bernardtaloza/Documents/cppworks/opensource/cpr-example/CMakeLists.txt */,
			);
			name = ALL_BUILD;
			sourceTree = "<group>";
		};
		A152BBED85394730A5409072 /* CMake Rules */ = {
			isa = PBXGroup;
			children = (
			);
			name = "CMake Rules";
			sourceTree = "<group>";
		};
		D469E416D14B44A8A09BE634 /* Products */ = {
			isa = PBXGroup;
			children = (
				7D613D32188848CDB00F4712 /* example */,
			);
			name = Products;
			sourceTree = "<group>";
		};
		F7D1AC793FBB4F93849F8C89 /* Sources */ = {
			isa = PBXGroup;
			children = (
				86F7A8C84BBA4F6FA50A6973 /* ZERO_CHECK */,
				8778C01EDA8547A7A92D307D /* ALL_BUILD */,
				08FBAB632B564A86B838583C /* example */,
			);
			name = Sources;
			sourceTree = "<group>";
		};
/* End PBXGroup section */

/* Begin PBXNativeTarget section */
		25EDEF1BD9A7472CB62935B4 /* example */ = {
			isa = PBXNativeTarget;
			buildConfigurationList = 1AD191849CF241FFA9CDFA67 /* Build configuration list for PBXNativeTarget "example" */;
			buildPhases = (
				DDE4413AA14C4F2AB431ECF5 /* Sources */,
			);
			buildRules = (
			);
			dependencies = (
				74BD5AA6039F4D6BBB383E85 /* PBXTargetDependency */,
			);
			name = example;
			productName = example;
			productReference = 7D613D32188848CDB00F4712 /* example */;
			productType = "com.apple.product-type.library.static";
		};
/* End PBXNativeTarget section */

/* Begin PBXProject section */
		CCEAFE172AC7444996C08F53 /* Project object */ = {
			isa = PBXProject;
			attributes = {
				BuildIndependentTargetsInParallel = YES;
			};
			buildConfigurationList = 78BB297779984F4ABBD4AC90 /* Build configuration list for PBXProject "cpr-example" */;
			buildSettings = {
			};
			buildStyles = (
				47BB701AE252469DAF43141B /* Debug */,
				48BD03ADF0D04A04AD6B39B2 /* Release */,
				40E4EE9A110248AB99353B93 /* MinSizeRel */,
				585A9660597B42C59A67455D /* RelWithDebInfo */,
			);
			compatibilityVersion = "Xcode 3.2";
			hasScannedForEncodings = 0;
			mainGroup = 45369916FADA4BCF8FB0764D;
			projectDirPath = ../../../;
			projectRoot = "";
			targets = (
				C844A81402F045C99E1FD3B0 /* ALL_BUILD */,
				A946457780B346F1B80EC1BE /* ZERO_CHECK */,
				25EDEF1BD9A7472CB62935B4 /* example */,
			);
		};
/* End PBXProject section */

/* Begin PBXShellScriptBuildPhase section */
		2CE72A1D3EDE422985D89DA8 = {
			isa = PBXShellScriptBuildPhase;
			buildActionMask = 2147483647;
			files = (
			);
			inputPaths = (
			);
			outputPaths = (
			);
			runOnlyForDeploymentPostprocessing = 0;
			shellPath = /bin/sh;
			shellScript = "# shell script goes here
exit 0";
			showEnvVarsInLog = 0;
		};
		75950CAD22034BC5A536C819 /* CMake Rules */ = {
			isa = PBXShellScriptBuildPhase;
			buildActionMask = 2147483647;
			files = (
			);
			name = "CMake Rules";
			runOnlyForDeploymentPostprocessing = 0;
			shellPath = /bin/sh;
			shellScript = "make -C /Users/bernardtaloza/Documents/cppworks/opensource/cpr-example/build_ios/build.debug/build.i386 -f /Users/bernardtaloza/Documents/cppworks/opensource/cpr-example/build_ios/build.debug/build.i386/CMakeScripts/ZERO_CHECK_cmakeRulesBuildPhase.make$CONFIGURATION all";
			showEnvVarsInLog = 0;
		};
		B620103320C84701B1C7E98A = {
			isa = PBXShellScriptBuildPhase;
			buildActionMask = 2147483647;
			files = (
			);
			inputPaths = (
			);
			outputPaths = (
			);
			runOnlyForDeploymentPostprocessing = 0;
			shellPath = /bin/sh;
			shellScript = "# shell script goes here
exit 0";
			showEnvVarsInLog = 0;
		};
		F3BB067B0A194FCC98ADD6CE /* CMake Rules */ = {
			isa = PBXShellScriptBuildPhase;
			buildActionMask = 2147483647;
			files = (
			);
			name = "CMake Rules";
			runOnlyForDeploymentPostprocessing = 0;
			shellPath = /bin/sh;
			shellScript = "make -C /Users/bernardtaloza/Documents/cppworks/opensource/cpr-example/build_ios/build.debug/build.i386 -f /Users/bernardtaloza/Documents/cppworks/opensource/cpr-example/build_ios/build.debug/build.i386/CMakeScripts/ALL_BUILD_cmakeRulesBuildPhase.make$CONFIGURATION all";
			showEnvVarsInLog = 0;
		};
/* End PBXShellScriptBuildPhase section */

/* Begin PBXSourcesBuildPhase section */
		DDE4413AA14C4F2AB431ECF5 /* Sources */ = {
			isa = PBXSourcesBuildPhase;
			buildActionMask = 2147483647;
			files = (
				3F319A64B02845398B478CC5 /* /Users/bernardtaloza/Documents/cppworks/opensource/cpr-example/example.cpp */,
			);
			runOnlyForDeploymentPostprocessing = 0;
		};
/* End PBXSourcesBuildPhase section */

/* Begin PBXTargetDependency section */
		74BD5AA6039F4D6BBB383E85 /* PBXTargetDependency */ = {
			isa = PBXTargetDependency;
			target = A946457780B346F1B80EC1BE /* ZERO_CHECK */;
			targetProxy = E3FC937B969743E7B138E004 /* PBXContainerItemProxy */;
		};
		77C6AEE739374F04B8E0E254 /* PBXTargetDependency */ = {
			isa = PBXTargetDependency;
			target = A946457780B346F1B80EC1BE /* ZERO_CHECK */;
			targetProxy = 13BB37626B7A4EA9B2D94C73 /* PBXContainerItemProxy */;
		};
		C7CACE141F1B48D0B4E455F2 /* PBXTargetDependency */ = {
			isa = PBXTargetDependency;
			target = 25EDEF1BD9A7472CB62935B4 /* example */;
			targetProxy = 9CB27730BEC54E2F84B500C2 /* PBXContainerItemProxy */;
		};
/* End PBXTargetDependency section */

/* Begin XCBuildConfiguration section */
		1BC8981A9602495883D5553A /* Release */ = {
			isa = XCBuildConfiguration;
			buildSettings = {
				COMBINE_HIDPI_IMAGES = YES;
				GCC_GENERATE_DEBUGGING_SYMBOLS = YES;
				GCC_INLINES_ARE_PRIVATE_EXTERN = NO;
				GCC_OPTIMIZATION_LEVEL = 0;
				GCC_PREPROCESSOR_DEFINITIONS = ("'CMAKE_INTDIR=\"$(CONFIGURATION)$(EFFECTIVE_PLATFORM_NAME)\"'", );
				GCC_SYMBOLS_PRIVATE_EXTERN = NO;
				HEADER_SEARCH_PATHS = ("/Users/bernardtaloza/Documents/cppworks/opensource/cpr-example/include", "/Users/bernardtaloza/Documents/cppworks/opensource/cpr-example/build_ios/cpr/include", "/Users/bernardtaloza/Documents/cppworks/opensource/cpr-example/opt/json/src", );
				INSTALL_PATH = "";
				OTHER_LDFLAGS = " ";
				OTHER_REZFLAGS = "";
				PRODUCT_NAME = ZERO_CHECK;
				SECTORDER_FLAGS = "";
				SYMROOT = "/Users/bernardtaloza/Documents/cppworks/opensource/cpr-example/build_ios/build.debug/build.i386";
				USE_HEADERMAP = NO;
				WARNING_CFLAGS = ("-Wmost", "-Wno-four-char-constants", "-Wno-unknown-pragmas", "$(inherited)", );
			};
			name = Release;
		};
		30A3FA6CFA784E299744119D /* Release */ = {
			isa = XCBuildConfiguration;
			buildSettings = {
				ARCHS = i386;
				COMBINE_HIDPI_IMAGES = YES;
				CONFIGURATION_BUILD_DIR = "/Users/bernardtaloza/Documents/cppworks/opensource/cpr-example/build_ios/build.debug/build.i386/Binaries/Release";
				EXECUTABLE_PREFIX = lib;
				EXECUTABLE_SUFFIX = .a;
				GCC_GENERATE_DEBUGGING_SYMBOLS = NO;
				GCC_INLINES_ARE_PRIVATE_EXTERN = NO;
				GCC_OPTIMIZATION_LEVEL = 0;
				GCC_PREPROCESSOR_DEFINITIONS = ("'CMAKE_INTDIR=\"$(CONFIGURATION)$(EFFECTIVE_PLATFORM_NAME)\"'", );
				GCC_SYMBOLS_PRIVATE_EXTERN = NO;
				HEADER_SEARCH_PATHS = ("/Users/bernardtaloza/Documents/cppworks/opensource/cpr-example/include", "/Users/bernardtaloza/Documents/cppworks/opensource/cpr-example/build_ios/cpr/include", "/Users/bernardtaloza/Documents/cppworks/opensource/cpr-example/opt/json/src", );
				INSTALL_PATH = "";
				LIBRARY_STYLE = STATIC;
				ONLY_ACTIVE_ARCH = NO;
				OTHER_CPLUSPLUSFLAGS = " -fvisibility=hidden -fvisibility-inlines-hidden -stdlib=libc++ -Wno-return-type-c-linkage -Wno-unneeded-internal-declaration -std=c++11 -fno-strict-aliasing  ";
				OTHER_LIBTOOLFLAGS = " ";
				OTHER_REZFLAGS = "";
				PRODUCT_NAME = example;
				SECTORDER_FLAGS = "";
				SYMROOT = "/Users/bernardtaloza/Documents/cppworks/opensource/cpr-example/build_ios/build.debug/build.i386";
				USE_HEADERMAP = NO;
				WARNING_CFLAGS = ("-Wmost", "-Wno-four-char-constants", "-Wno-unknown-pragmas", "$(inherited)", );
			};
			name = Release;
		};
		31AA2BE8D1E146F9BD51C385 /* RelWithDebInfo */ = {
			isa = XCBuildConfiguration;
			buildSettings = {
				ARCHS = i386;
				CLANG_CXX_LANGUAGE_STANDARD = "c++11";
				CLANG_CXX_LIBRARY = "libc++";
				SDKROOT = /Applications/Xcode.app/Contents/Developer/Platforms/iPhoneSimulator.platform/Developer/SDKs/iPhoneSimulator9.2.sdk;
				SYMROOT = "/Users/bernardtaloza/Documents/cppworks/opensource/cpr-example/build_ios/build.debug/build.i386/build";
			};
			name = RelWithDebInfo;
		};
		3599CD68864D40F7BCDC8397 /* MinSizeRel */ = {
			isa = XCBuildConfiguration;
			buildSettings = {
				ARCHS = i386;
				COMBINE_HIDPI_IMAGES = YES;
				CONFIGURATION_BUILD_DIR = "/Users/bernardtaloza/Documents/cppworks/opensource/cpr-example/build_ios/build.debug/build.i386/Binaries/MinSizeRel";
				EXECUTABLE_PREFIX = lib;
				EXECUTABLE_SUFFIX = .a;
				GCC_GENERATE_DEBUGGING_SYMBOLS = NO;
				GCC_INLINES_ARE_PRIVATE_EXTERN = NO;
				GCC_OPTIMIZATION_LEVEL = 0;
				GCC_PREPROCESSOR_DEFINITIONS = ("'CMAKE_INTDIR=\"$(CONFIGURATION)$(EFFECTIVE_PLATFORM_NAME)\"'", );
				GCC_SYMBOLS_PRIVATE_EXTERN = NO;
				HEADER_SEARCH_PATHS = ("/Users/bernardtaloza/Documents/cppworks/opensource/cpr-example/include", "/Users/bernardtaloza/Documents/cppworks/opensource/cpr-example/build_ios/cpr/include", "/Users/bernardtaloza/Documents/cppworks/opensource/cpr-example/opt/json/src", );
				INSTALL_PATH = "";
				LIBRARY_STYLE = STATIC;
				ONLY_ACTIVE_ARCH = NO;
				OTHER_CPLUSPLUSFLAGS = " -fvisibility=hidden -fvisibility-inlines-hidden -stdlib=libc++ -Wno-return-type-c-linkage -Wno-unneeded-internal-declaration -std=c++11 -fno-strict-aliasing  ";
				OTHER_LIBTOOLFLAGS = " ";
				OTHER_REZFLAGS = "";
				PRODUCT_NAME = example;
				SECTORDER_FLAGS = "";
				SYMROOT = "/Users/bernardtaloza/Documents/cppworks/opensource/cpr-example/build_ios/build.debug/build.i386";
				USE_HEADERMAP = NO;
				WARNING_CFLAGS = ("-Wmost", "-Wno-four-char-constants", "-Wno-unknown-pragmas", "$(inherited)", );
			};
			name = MinSizeRel;
		};
		453CB4CF25C549B1A573824A /* RelWithDebInfo */ = {
			isa = XCBuildConfiguration;
			buildSettings = {
				COMBINE_HIDPI_IMAGES = YES;
				GCC_GENERATE_DEBUGGING_SYMBOLS = YES;
				GCC_INLINES_ARE_PRIVATE_EXTERN = NO;
				GCC_OPTIMIZATION_LEVEL = 0;
				GCC_PREPROCESSOR_DEFINITIONS = ("'CMAKE_INTDIR=\"$(CONFIGURATION)$(EFFECTIVE_PLATFORM_NAME)\"'", );
				GCC_SYMBOLS_PRIVATE_EXTERN = NO;
				HEADER_SEARCH_PATHS = ("/Users/bernardtaloza/Documents/cppworks/opensource/cpr-example/include", "/Users/bernardtaloza/Documents/cppworks/opensource/cpr-example/build_ios/cpr/include", "/Users/bernardtaloza/Documents/cppworks/opensource/cpr-example/opt/json/src", );
				INSTALL_PATH = "";
				OTHER_LDFLAGS = " ";
				OTHER_REZFLAGS = "";
				PRODUCT_NAME = ALL_BUILD;
				SECTORDER_FLAGS = "";
				SYMROOT = "/Users/bernardtaloza/Documents/cppworks/opensource/cpr-example/build_ios/build.debug/build.i386";
				USE_HEADERMAP = NO;
				WARNING_CFLAGS = ("-Wmost", "-Wno-four-char-constants", "-Wno-unknown-pragmas", "$(inherited)", );
			};
			name = RelWithDebInfo;
		};
		50675D3D76AA499EB3D5EA48 /* MinSizeRel */ = {
			isa = XCBuildConfiguration;
			buildSettings = {
				COMBINE_HIDPI_IMAGES = YES;
				GCC_GENERATE_DEBUGGING_SYMBOLS = YES;
				GCC_INLINES_ARE_PRIVATE_EXTERN = NO;
				GCC_OPTIMIZATION_LEVEL = 0;
				GCC_PREPROCESSOR_DEFINITIONS = ("'CMAKE_INTDIR=\"$(CONFIGURATION)$(EFFECTIVE_PLATFORM_NAME)\"'", );
				GCC_SYMBOLS_PRIVATE_EXTERN = NO;
				HEADER_SEARCH_PATHS = ("/Users/bernardtaloza/Documents/cppworks/opensource/cpr-example/include", "/Users/bernardtaloza/Documents/cppworks/opensource/cpr-example/build_ios/cpr/include", "/Users/bernardtaloza/Documents/cppworks/opensource/cpr-example/opt/json/src", );
				INSTALL_PATH = "";
				OTHER_LDFLAGS = " ";
				OTHER_REZFLAGS = "";
				PRODUCT_NAME = ZERO_CHECK;
				SECTORDER_FLAGS = "";
				SYMROOT = "/Users/bernardtaloza/Documents/cppworks/opensource/cpr-example/build_ios/build.debug/build.i386";
				USE_HEADERMAP = NO;
				WARNING_CFLAGS = ("-Wmost", "-Wno-four-char-constants", "-Wno-unknown-pragmas", "$(inherited)", );
			};
			name = MinSizeRel;
		};
		552DD6DBB324494F861C682E /* Debug */ = {
			isa = XCBuildConfiguration;
			buildSettings = {
				ARCHS = i386;
				COMBINE_HIDPI_IMAGES = YES;
				CONFIGURATION_BUILD_DIR = "/Users/bernardtaloza/Documents/cppworks/opensource/cpr-example/build_ios/build.debug/build.i386/Binaries/Debug";
				EXECUTABLE_PREFIX = lib;
				EXECUTABLE_SUFFIX = .a;
				GCC_GENERATE_DEBUGGING_SYMBOLS = NO;
				GCC_INLINES_ARE_PRIVATE_EXTERN = NO;
				GCC_OPTIMIZATION_LEVEL = 0;
				GCC_PREPROCESSOR_DEFINITIONS = ("'CMAKE_INTDIR=\"$(CONFIGURATION)$(EFFECTIVE_PLATFORM_NAME)\"'", );
				GCC_SYMBOLS_PRIVATE_EXTERN = NO;
				HEADER_SEARCH_PATHS = ("/Users/bernardtaloza/Documents/cppworks/opensource/cpr-example/include", "/Users/bernardtaloza/Documents/cppworks/opensource/cpr-example/build_ios/cpr/include", "/Users/bernardtaloza/Documents/cppworks/opensource/cpr-example/opt/json/src", );
				INSTALL_PATH = "";
				LIBRARY_STYLE = STATIC;
				ONLY_ACTIVE_ARCH = NO;
				OTHER_CPLUSPLUSFLAGS = " -fvisibility=hidden -fvisibility-inlines-hidden -stdlib=libc++ -Wno-return-type-c-linkage -Wno-unneeded-internal-declaration -std=c++11 -fno-strict-aliasing  ";
				OTHER_LIBTOOLFLAGS = " ";
				OTHER_REZFLAGS = "";
				PRODUCT_NAME = example;
				SECTORDER_FLAGS = "";
				SYMROOT = "/Users/bernardtaloza/Documents/cppworks/opensource/cpr-example/build_ios/build.debug/build.i386";
				USE_HEADERMAP = NO;
				WARNING_CFLAGS = ("-Wmost", "-Wno-four-char-constants", "-Wno-unknown-pragmas", "$(inherited)", );
			};
			name = Debug;
		};
		785BA036C6B34044866BF1DC /* Release */ = {
			isa = XCBuildConfiguration;
			buildSettings = {
				ARCHS = i386;
				CLANG_CXX_LANGUAGE_STANDARD = "c++11";
				CLANG_CXX_LIBRARY = "libc++";
				SDKROOT = /Applications/Xcode.app/Contents/Developer/Platforms/iPhoneSimulator.platform/Developer/SDKs/iPhoneSimulator9.2.sdk;
				SYMROOT = "/Users/bernardtaloza/Documents/cppworks/opensource/cpr-example/build_ios/build.debug/build.i386/build";
			};
			name = Release;
		};
		8777C4BC9DD8481CA508B80C /* RelWithDebInfo */ = {
			isa = XCBuildConfiguration;
			buildSettings = {
				COMBINE_HIDPI_IMAGES = YES;
				GCC_GENERATE_DEBUGGING_SYMBOLS = YES;
				GCC_INLINES_ARE_PRIVATE_EXTERN = NO;
				GCC_OPTIMIZATION_LEVEL = 0;
				GCC_PREPROCESSOR_DEFINITIONS = ("'CMAKE_INTDIR=\"$(CONFIGURATION)$(EFFECTIVE_PLATFORM_NAME)\"'", );
				GCC_SYMBOLS_PRIVATE_EXTERN = NO;
				HEADER_SEARCH_PATHS = ("/Users/bernardtaloza/Documents/cppworks/opensource/cpr-example/include", "/Users/bernardtaloza/Documents/cppworks/opensource/cpr-example/build_ios/cpr/include", "/Users/bernardtaloza/Documents/cppworks/opensource/cpr-example/opt/json/src", );
				INSTALL_PATH = "";
				OTHER_LDFLAGS = " ";
				OTHER_REZFLAGS = "";
				PRODUCT_NAME = ZERO_CHECK;
				SECTORDER_FLAGS = "";
				SYMROOT = "/Users/bernardtaloza/Documents/cppworks/opensource/cpr-example/build_ios/build.debug/build.i386";
				USE_HEADERMAP = NO;
				WARNING_CFLAGS = ("-Wmost", "-Wno-four-char-constants", "-Wno-unknown-pragmas", "$(inherited)", );
			};
			name = RelWithDebInfo;
		};
		BF4F794901A9496EB7622A1A /* Debug */ = {
			isa = XCBuildConfiguration;
			buildSettings = {
				COMBINE_HIDPI_IMAGES = YES;
				GCC_GENERATE_DEBUGGING_SYMBOLS = YES;
				GCC_INLINES_ARE_PRIVATE_EXTERN = NO;
				GCC_OPTIMIZATION_LEVEL = 0;
				GCC_PREPROCESSOR_DEFINITIONS = ("'CMAKE_INTDIR=\"$(CONFIGURATION)$(EFFECTIVE_PLATFORM_NAME)\"'", );
				GCC_SYMBOLS_PRIVATE_EXTERN = NO;
				HEADER_SEARCH_PATHS = ("/Users/bernardtaloza/Documents/cppworks/opensource/cpr-example/include", "/Users/bernardtaloza/Documents/cppworks/opensource/cpr-example/build_ios/cpr/include", "/Users/bernardtaloza/Documents/cppworks/opensource/cpr-example/opt/json/src", );
				INSTALL_PATH = "";
				OTHER_LDFLAGS = " ";
				OTHER_REZFLAGS = "";
				PRODUCT_NAME = ZERO_CHECK;
				SECTORDER_FLAGS = "";
				SYMROOT = "/Users/bernardtaloza/Documents/cppworks/opensource/cpr-example/build_ios/build.debug/build.i386";
				USE_HEADERMAP = NO;
				WARNING_CFLAGS = ("-Wmost", "-Wno-four-char-constants", "-Wno-unknown-pragmas", "$(inherited)", );
			};
			name = Debug;
		};
		D394202437694FB4B3EA7111 /* Debug */ = {
			isa = XCBuildConfiguration;
			buildSettings = {
				COMBINE_HIDPI_IMAGES = YES;
				GCC_GENERATE_DEBUGGING_SYMBOLS = YES;
				GCC_INLINES_ARE_PRIVATE_EXTERN = NO;
				GCC_OPTIMIZATION_LEVEL = 0;
				GCC_PREPROCESSOR_DEFINITIONS = ("'CMAKE_INTDIR=\"$(CONFIGURATION)$(EFFECTIVE_PLATFORM_NAME)\"'", );
				GCC_SYMBOLS_PRIVATE_EXTERN = NO;
				HEADER_SEARCH_PATHS = ("/Users/bernardtaloza/Documents/cppworks/opensource/cpr-example/include", "/Users/bernardtaloza/Documents/cppworks/opensource/cpr-example/build_ios/cpr/include", "/Users/bernardtaloza/Documents/cppworks/opensource/cpr-example/opt/json/src", );
				INSTALL_PATH = "";
				OTHER_LDFLAGS = " ";
				OTHER_REZFLAGS = "";
				PRODUCT_NAME = ALL_BUILD;
				SECTORDER_FLAGS = "";
				SYMROOT = "/Users/bernardtaloza/Documents/cppworks/opensource/cpr-example/build_ios/build.debug/build.i386";
				USE_HEADERMAP = NO;
				WARNING_CFLAGS = ("-Wmost", "-Wno-four-char-constants", "-Wno-unknown-pragmas", "$(inherited)", );
			};
			name = Debug;
		};
		D8848E56EB644F9CAC1BD7BD /* Release */ = {
			isa = XCBuildConfiguration;
			buildSettings = {
				COMBINE_HIDPI_IMAGES = YES;
				GCC_GENERATE_DEBUGGING_SYMBOLS = YES;
				GCC_INLINES_ARE_PRIVATE_EXTERN = NO;
				GCC_OPTIMIZATION_LEVEL = 0;
				GCC_PREPROCESSOR_DEFINITIONS = ("'CMAKE_INTDIR=\"$(CONFIGURATION)$(EFFECTIVE_PLATFORM_NAME)\"'", );
				GCC_SYMBOLS_PRIVATE_EXTERN = NO;
				HEADER_SEARCH_PATHS = ("/Users/bernardtaloza/Documents/cppworks/opensource/cpr-example/include", "/Users/bernardtaloza/Documents/cppworks/opensource/cpr-example/build_ios/cpr/include", "/Users/bernardtaloza/Documents/cppworks/opensource/cpr-example/opt/json/src", );
				INSTALL_PATH = "";
				OTHER_LDFLAGS = " ";
				OTHER_REZFLAGS = "";
				PRODUCT_NAME = ALL_BUILD;
				SECTORDER_FLAGS = "";
				SYMROOT = "/Users/bernardtaloza/Documents/cppworks/opensource/cpr-example/build_ios/build.debug/build.i386";
				USE_HEADERMAP = NO;
				WARNING_CFLAGS = ("-Wmost", "-Wno-four-char-constants", "-Wno-unknown-pragmas", "$(inherited)", );
			};
			name = Release;
		};
		DF14AB6F35EA4FE58EFBFCA3 /* RelWithDebInfo */ = {
			isa = XCBuildConfiguration;
			buildSettings = {
				ARCHS = i386;
				COMBINE_HIDPI_IMAGES = YES;
				CONFIGURATION_BUILD_DIR = "/Users/bernardtaloza/Documents/cppworks/opensource/cpr-example/build_ios/build.debug/build.i386/Binaries/RelWithDebInfo";
				EXECUTABLE_PREFIX = lib;
				EXECUTABLE_SUFFIX = .a;
				GCC_GENERATE_DEBUGGING_SYMBOLS = NO;
				GCC_INLINES_ARE_PRIVATE_EXTERN = NO;
				GCC_OPTIMIZATION_LEVEL = 0;
				GCC_PREPROCESSOR_DEFINITIONS = ("'CMAKE_INTDIR=\"$(CONFIGURATION)$(EFFECTIVE_PLATFORM_NAME)\"'", );
				GCC_SYMBOLS_PRIVATE_EXTERN = NO;
				HEADER_SEARCH_PATHS = ("/Users/bernardtaloza/Documents/cppworks/opensource/cpr-example/include", "/Users/bernardtaloza/Documents/cppworks/opensource/cpr-example/build_ios/cpr/include", "/Users/bernardtaloza/Documents/cppworks/opensource/cpr-example/opt/json/src", );
				INSTALL_PATH = "";
				LIBRARY_STYLE = STATIC;
				ONLY_ACTIVE_ARCH = NO;
				OTHER_CPLUSPLUSFLAGS = " -fvisibility=hidden -fvisibility-inlines-hidden -stdlib=libc++ -Wno-return-type-c-linkage -Wno-unneeded-internal-declaration -std=c++11 -fno-strict-aliasing  ";
				OTHER_LIBTOOLFLAGS = " ";
				OTHER_REZFLAGS = "";
				PRODUCT_NAME = example;
				SECTORDER_FLAGS = "";
				SYMROOT = "/Users/bernardtaloza/Documents/cppworks/opensource/cpr-example/build_ios/build.debug/build.i386";
				USE_HEADERMAP = NO;
				WARNING_CFLAGS = ("-Wmost", "-Wno-four-char-constants", "-Wno-unknown-pragmas", "$(inherited)", );
			};
			name = RelWithDebInfo;
		};
		E314866F7011466283FB76A7 /* Debug */ = {
			isa = XCBuildConfiguration;
			buildSettings = {
				ARCHS = i386;
				CLANG_CXX_LANGUAGE_STANDARD = "c++11";
				CLANG_CXX_LIBRARY = "libc++";
				SDKROOT = /Applications/Xcode.app/Contents/Developer/Platforms/iPhoneSimulator.platform/Developer/SDKs/iPhoneSimulator9.2.sdk;
				SYMROOT = "/Users/bernardtaloza/Documents/cppworks/opensource/cpr-example/build_ios/build.debug/build.i386/build";
			};
			name = Debug;
		};
		E3C404E1A9AC435D91A7E12D /* MinSizeRel */ = {
			isa = XCBuildConfiguration;
			buildSettings = {
				COMBINE_HIDPI_IMAGES = YES;
				GCC_GENERATE_DEBUGGING_SYMBOLS = YES;
				GCC_INLINES_ARE_PRIVATE_EXTERN = NO;
				GCC_OPTIMIZATION_LEVEL = 0;
				GCC_PREPROCESSOR_DEFINITIONS = ("'CMAKE_INTDIR=\"$(CONFIGURATION)$(EFFECTIVE_PLATFORM_NAME)\"'", );
				GCC_SYMBOLS_PRIVATE_EXTERN = NO;
				HEADER_SEARCH_PATHS = ("/Users/bernardtaloza/Documents/cppworks/opensource/cpr-example/include", "/Users/bernardtaloza/Documents/cppworks/opensource/cpr-example/build_ios/cpr/include", "/Users/bernardtaloza/Documents/cppworks/opensource/cpr-example/opt/json/src", );
				INSTALL_PATH = "";
				OTHER_LDFLAGS = " ";
				OTHER_REZFLAGS = "";
				PRODUCT_NAME = ALL_BUILD;
				SECTORDER_FLAGS = "";
				SYMROOT = "/Users/bernardtaloza/Documents/cppworks/opensource/cpr-example/build_ios/build.debug/build.i386";
				USE_HEADERMAP = NO;
				WARNING_CFLAGS = ("-Wmost", "-Wno-four-char-constants", "-Wno-unknown-pragmas", "$(inherited)", );
			};
			name = MinSizeRel;
		};
		FA2ADFE5D2F34A5B80C36F8E /* MinSizeRel */ = {
			isa = XCBuildConfiguration;
			buildSettings = {
				ARCHS = i386;
				CLANG_CXX_LANGUAGE_STANDARD = "c++11";
				CLANG_CXX_LIBRARY = "libc++";
				SDKROOT = /Applications/Xcode.app/Contents/Developer/Platforms/iPhoneSimulator.platform/Developer/SDKs/iPhoneSimulator9.2.sdk;
				SYMROOT = "/Users/bernardtaloza/Documents/cppworks/opensource/cpr-example/build_ios/build.debug/build.i386/build";
			};
			name = MinSizeRel;
		};
/* End XCBuildConfiguration section */

/* Begin XCConfigurationList section */
		1253E4A3786B4DA6B4C2EEE6 /* Build configuration list for PBXAggregateTarget "ALL_BUILD" */ = {
			isa = XCConfigurationList;
			buildConfigurations = (
				D394202437694FB4B3EA7111 /* Debug */,
				D8848E56EB644F9CAC1BD7BD /* Release */,
				E3C404E1A9AC435D91A7E12D /* MinSizeRel */,
				453CB4CF25C549B1A573824A /* RelWithDebInfo */,
			);
			defaultConfigurationIsVisible = 0;
			defaultConfigurationName = Debug;
		};
		1AD191849CF241FFA9CDFA67 /* Build configuration list for PBXNativeTarget "example" */ = {
			isa = XCConfigurationList;
			buildConfigurations = (
				552DD6DBB324494F861C682E /* Debug */,
				30A3FA6CFA784E299744119D /* Release */,
				3599CD68864D40F7BCDC8397 /* MinSizeRel */,
				DF14AB6F35EA4FE58EFBFCA3 /* RelWithDebInfo */,
			);
			defaultConfigurationIsVisible = 0;
			defaultConfigurationName = Debug;
		};
		78BB297779984F4ABBD4AC90 /* Build configuration list for PBXProject "cpr-example" */ = {
			isa = XCConfigurationList;
			buildConfigurations = (
				E314866F7011466283FB76A7 /* Debug */,
				785BA036C6B34044866BF1DC /* Release */,
				FA2ADFE5D2F34A5B80C36F8E /* MinSizeRel */,
				31AA2BE8D1E146F9BD51C385 /* RelWithDebInfo */,
			);
			defaultConfigurationIsVisible = 0;
			defaultConfigurationName = Debug;
		};
		C3AF0EDDA97041409F84F36C /* Build configuration list for PBXAggregateTarget "ZERO_CHECK" */ = {
			isa = XCConfigurationList;
			buildConfigurations = (
				BF4F794901A9496EB7622A1A /* Debug */,
				1BC8981A9602495883D5553A /* Release */,
				50675D3D76AA499EB3D5EA48 /* MinSizeRel */,
				8777C4BC9DD8481CA508B80C /* RelWithDebInfo */,
			);
			defaultConfigurationIsVisible = 0;
			defaultConfigurationName = Debug;
		};
/* End XCConfigurationList section */
	};
	rootObject = CCEAFE172AC7444996C08F53 /* Project object */;
}
