// !$*UTF8*$!
{
	archiveVersion = 1;
	classes = {
	};
	objectVersion = 46;
	objects = {

/* Begin PBXAggregateTarget section */
		0341461D2DA049179FC01058 /* ALL_BUILD */ = {
			isa = PBXAggregateTarget;
			buildConfigurationList = D855960D734948F9BBA3F8C0 /* Build configuration list for PBXAggregateTarget "ALL_BUILD" */;
			buildPhases = (
				F1938FBC4AC249EBA50698D9 /* CMake Rules */,
			);
			dependencies = (
				53CEBAA4CE5A4489AEC0CB4F /* PBXTargetDependency */,
				24D85F0F8BF14E37926F1143 /* PBXTargetDependency */,
			);
			name = ALL_BUILD;
			productName = ALL_BUILD;
		};
		A8476F4379E945D992D4649A /* ZERO_CHECK */ = {
			isa = PBXAggregateTarget;
			buildConfigurationList = 9959B2FD242A456AB9170D1A /* Build configuration list for PBXAggregateTarget "ZERO_CHECK" */;
			buildPhases = (
				DE60C20E857C4F1F8F8D6B07 /* CMake Rules */,
			);
			dependencies = (
			);
			name = ZERO_CHECK;
			productName = ZERO_CHECK;
		};
/* End PBXAggregateTarget section */

/* Begin PBXBuildFile section */
		09D953C2C8734717A7C50AED /* /Users/bernardtaloza/Documents/cppworks/opensource/cpr-example/opt/cpr/include/cpr/response.h */ = {isa = PBXBuildFile; fileRef = 3EA0EB7A5E7F47099B187C6C /* /Users/bernardtaloza/Documents/cppworks/opensource/cpr-example/opt/cpr/include/cpr/response.h */; settings = {COMPILER_FLAGS = ""; }; };
		10CDDD220E494C2BB64E40B6 /* /Users/bernardtaloza/Documents/cppworks/opensource/cpr-example/opt/cpr/cpr/session.cpp */ = {isa = PBXBuildFile; fileRef = ACFDF7BD76D740BEA9B224C0 /* /Users/bernardtaloza/Documents/cppworks/opensource/cpr-example/opt/cpr/cpr/session.cpp */; settings = {COMPILER_FLAGS = ""; }; };
		1F285E30600B40FD8C060CA7 /* /Users/bernardtaloza/Documents/cppworks/opensource/cpr-example/opt/cpr/cpr/multipart.cpp */ = {isa = PBXBuildFile; fileRef = 01B0CF8BA8AC4495BA211A2C /* /Users/bernardtaloza/Documents/cppworks/opensource/cpr-example/opt/cpr/cpr/multipart.cpp */; settings = {COMPILER_FLAGS = ""; }; };
		30A0828B8DD44B1693767AAF /* /Users/bernardtaloza/Documents/cppworks/opensource/cpr-example/opt/cpr/cpr/CMakeLists.txt */ = {isa = PBXBuildFile; fileRef = A5A6B482E95F4E40ACE03A11 /* /Users/bernardtaloza/Documents/cppworks/opensource/cpr-example/opt/cpr/cpr/CMakeLists.txt */; settings = {COMPILER_FLAGS = ""; }; };
		36FAC934E77A4A459D4DDC3B /* /Users/bernardtaloza/Documents/cppworks/opensource/cpr-example/opt/cpr/include/cpr/curlholder.h */ = {isa = PBXBuildFile; fileRef = 942AACD10E8C4E50BA39CE0C /* /Users/bernardtaloza/Documents/cppworks/opensource/cpr-example/opt/cpr/include/cpr/curlholder.h */; settings = {COMPILER_FLAGS = ""; }; };
		3AB03B447E874D2A89899E3A /* /Users/bernardtaloza/Documents/cppworks/opensource/cpr-example/opt/cpr/cpr/cprtypes.cpp */ = {isa = PBXBuildFile; fileRef = 3FB2A077CC554F1BB4B8A662 /* /Users/bernardtaloza/Documents/cppworks/opensource/cpr-example/opt/cpr/cpr/cprtypes.cpp */; settings = {COMPILER_FLAGS = ""; }; };
		4038CDA509B34A26B75FF161 /* /Users/bernardtaloza/Documents/cppworks/opensource/cpr-example/opt/cpr/cpr/cookies.cpp */ = {isa = PBXBuildFile; fileRef = 7DD8DCB34EFA4A7C95F72CF2 /* /Users/bernardtaloza/Documents/cppworks/opensource/cpr-example/opt/cpr/cpr/cookies.cpp */; settings = {COMPILER_FLAGS = ""; }; };
		4EFA78C0892F448C81432E3E /* /Users/bernardtaloza/Documents/cppworks/opensource/cpr-example/opt/cpr/include/cpr/session.h */ = {isa = PBXBuildFile; fileRef = 28D7C1D986594868ACCD2F2D /* /Users/bernardtaloza/Documents/cppworks/opensource/cpr-example/opt/cpr/include/cpr/session.h */; settings = {COMPILER_FLAGS = ""; }; };
		5361B0AB28DF4A9AA2F58363 /* /Users/bernardtaloza/Documents/cppworks/opensource/cpr-example/opt/cpr/include/cpr/util.h */ = {isa = PBXBuildFile; fileRef = 60144F4276A64274BED0E81A /* /Users/bernardtaloza/Documents/cppworks/opensource/cpr-example/opt/cpr/include/cpr/util.h */; settings = {COMPILER_FLAGS = ""; }; };
		5EE552BBDEE244EE9E9E5CEB /* /Users/bernardtaloza/Documents/cppworks/opensource/cpr-example/opt/cpr/include/cpr/cpr.h */ = {isa = PBXBuildFile; fileRef = 98DCFD3D478E4941916B80DE /* /Users/bernardtaloza/Documents/cppworks/opensource/cpr-example/opt/cpr/include/cpr/cpr.h */; settings = {COMPILER_FLAGS = ""; }; };
		60EA10510CDE404B99947888 /* /Users/bernardtaloza/Documents/cppworks/opensource/cpr-example/opt/cpr/cpr/payload.cpp */ = {isa = PBXBuildFile; fileRef = 2DD7ED62F93C46C580C21A29 /* /Users/bernardtaloza/Documents/cppworks/opensource/cpr-example/opt/cpr/cpr/payload.cpp */; settings = {COMPILER_FLAGS = ""; }; };
		747B5F12F1224091A127D6D2 /* /Users/bernardtaloza/Documents/cppworks/opensource/cpr-example/opt/cpr/cpr/auth.cpp */ = {isa = PBXBuildFile; fileRef = B8FAFEB1CFD0409BA83B84CD /* /Users/bernardtaloza/Documents/cppworks/opensource/cpr-example/opt/cpr/cpr/auth.cpp */; settings = {COMPILER_FLAGS = ""; }; };
		7B47A39D82C14F779061AD6B /* /Users/bernardtaloza/Documents/cppworks/opensource/cpr-example/opt/cpr/cpr/util.cpp */ = {isa = PBXBuildFile; fileRef = 32CE03D21F204CBB886E46CA /* /Users/bernardtaloza/Documents/cppworks/opensource/cpr-example/opt/cpr/cpr/util.cpp */; settings = {COMPILER_FLAGS = ""; }; };
		97E4514615AD453F908370EF /* /Users/bernardtaloza/Documents/cppworks/opensource/cpr-example/opt/cpr/cpr/digest.cpp */ = {isa = PBXBuildFile; fileRef = 17C45AED40304C7397596780 /* /Users/bernardtaloza/Documents/cppworks/opensource/cpr-example/opt/cpr/cpr/digest.cpp */; settings = {COMPILER_FLAGS = ""; }; };
		9B79F7CABDB047A9B8E91EB3 /* /Users/bernardtaloza/Documents/cppworks/opensource/cpr-example/opt/cpr/include/cpr/timeout.h */ = {isa = PBXBuildFile; fileRef = A674D2D61F53493E9F38A1D6 /* /Users/bernardtaloza/Documents/cppworks/opensource/cpr-example/opt/cpr/include/cpr/timeout.h */; settings = {COMPILER_FLAGS = ""; }; };
		A1D0FC3511DE4F08BD27F70A /* /Users/bernardtaloza/Documents/cppworks/opensource/cpr-example/opt/cpr/include/cpr/multipart.h */ = {isa = PBXBuildFile; fileRef = 79ED6C76EF014AEBA71F7971 /* /Users/bernardtaloza/Documents/cppworks/opensource/cpr-example/opt/cpr/include/cpr/multipart.h */; settings = {COMPILER_FLAGS = ""; }; };
		A1F32C69826F4FC6BA5F5992 /* /Users/bernardtaloza/Documents/cppworks/opensource/cpr-example/opt/cpr/include/cpr/api.h */ = {isa = PBXBuildFile; fileRef = 2CD3C7927ABD4D489F6CF834 /* /Users/bernardtaloza/Documents/cppworks/opensource/cpr-example/opt/cpr/include/cpr/api.h */; settings = {COMPILER_FLAGS = ""; }; };
		AE1C961D726F458086AA1902 /* /Users/bernardtaloza/Documents/cppworks/opensource/cpr-example/opt/cpr/cpr/error.cpp */ = {isa = PBXBuildFile; fileRef = 3F217192EC004C42951108E5 /* /Users/bernardtaloza/Documents/cppworks/opensource/cpr-example/opt/cpr/cpr/error.cpp */; settings = {COMPILER_FLAGS = ""; }; };
		AF6B4E3F8D754609B3017A1F /* /Users/bernardtaloza/Documents/cppworks/opensource/cpr-example/opt/cpr/include/cpr/defines.h */ = {isa = PBXBuildFile; fileRef = 93EC437B5F4642EA89647B75 /* /Users/bernardtaloza/Documents/cppworks/opensource/cpr-example/opt/cpr/include/cpr/defines.h */; settings = {COMPILER_FLAGS = ""; }; };
		B7F9A9CBC11041E3A2C12C08 /* /Users/bernardtaloza/Documents/cppworks/opensource/cpr-example/opt/cpr/include/cpr/body.h */ = {isa = PBXBuildFile; fileRef = B2A916B574E74056B527827C /* /Users/bernardtaloza/Documents/cppworks/opensource/cpr-example/opt/cpr/include/cpr/body.h */; settings = {COMPILER_FLAGS = ""; }; };
		C3EFC4DF9F664DB38A4BE838 /* /Users/bernardtaloza/Documents/cppworks/opensource/cpr-example/opt/cpr/include/cpr/cprtypes.h */ = {isa = PBXBuildFile; fileRef = 73F93A51B01F4FCAAA3B2DEF /* /Users/bernardtaloza/Documents/cppworks/opensource/cpr-example/opt/cpr/include/cpr/cprtypes.h */; settings = {COMPILER_FLAGS = ""; }; };
		C8F67866724C4BAB81FA5613 /* /Users/bernardtaloza/Documents/cppworks/opensource/cpr-example/opt/cpr/include/cpr/parameters.h */ = {isa = PBXBuildFile; fileRef = 31430C433AE5415293E29E2A /* /Users/bernardtaloza/Documents/cppworks/opensource/cpr-example/opt/cpr/include/cpr/parameters.h */; settings = {COMPILER_FLAGS = ""; }; };
		C999AFED764C4318975ABE6C /* /Users/bernardtaloza/Documents/cppworks/opensource/cpr-example/opt/cpr/cpr/parameters.cpp */ = {isa = PBXBuildFile; fileRef = 46A7845A0DBC4239B6DD8ACD /* /Users/bernardtaloza/Documents/cppworks/opensource/cpr-example/opt/cpr/cpr/parameters.cpp */; settings = {COMPILER_FLAGS = ""; }; };
		CE757BFBCCCD495DAC43214D /* /Users/bernardtaloza/Documents/cppworks/opensource/cpr-example/opt/cpr/include/cpr/proxies.h */ = {isa = PBXBuildFile; fileRef = C0F1C7B44D4249F6898BC9BC /* /Users/bernardtaloza/Documents/cppworks/opensource/cpr-example/opt/cpr/include/cpr/proxies.h */; settings = {COMPILER_FLAGS = ""; }; };
		D0D841DB9C47411694EA2649 /* /Users/bernardtaloza/Documents/cppworks/opensource/cpr-example/opt/cpr/include/cpr/auth.h */ = {isa = PBXBuildFile; fileRef = 44EE9038E20E41A6B10DB5AA /* /Users/bernardtaloza/Documents/cppworks/opensource/cpr-example/opt/cpr/include/cpr/auth.h */; settings = {COMPILER_FLAGS = ""; }; };
		DB56ADCDBA20426093509C13 /* /Users/bernardtaloza/Documents/cppworks/opensource/cpr-example/opt/cpr/include/cpr/cookies.h */ = {isa = PBXBuildFile; fileRef = 510B4A0C0915449BA5FFC779 /* /Users/bernardtaloza/Documents/cppworks/opensource/cpr-example/opt/cpr/include/cpr/cookies.h */; settings = {COMPILER_FLAGS = ""; }; };
		E589BD79427345C3BAEF5792 /* /Users/bernardtaloza/Documents/cppworks/opensource/cpr-example/opt/cpr/include/cpr/error.h */ = {isa = PBXBuildFile; fileRef = 8931AEBDB22B476F9432C8DC /* /Users/bernardtaloza/Documents/cppworks/opensource/cpr-example/opt/cpr/include/cpr/error.h */; settings = {COMPILER_FLAGS = ""; }; };
		E775239FE68B43A8906C1DDD /* /Users/bernardtaloza/Documents/cppworks/opensource/cpr-example/opt/cpr/include/cpr/payload.h */ = {isa = PBXBuildFile; fileRef = 551AD9DB1346484CA0352948 /* /Users/bernardtaloza/Documents/cppworks/opensource/cpr-example/opt/cpr/include/cpr/payload.h */; settings = {COMPILER_FLAGS = ""; }; };
		E908CD75BC5B42A493507408 /* /Users/bernardtaloza/Documents/cppworks/opensource/cpr-example/opt/cpr/cpr/proxies.cpp */ = {isa = PBXBuildFile; fileRef = AACB586900724CE69F378599 /* /Users/bernardtaloza/Documents/cppworks/opensource/cpr-example/opt/cpr/cpr/proxies.cpp */; settings = {COMPILER_FLAGS = ""; }; };
		EF75FB437F8A420F8450174B /* /Users/bernardtaloza/Documents/cppworks/opensource/cpr-example/opt/cpr/include/cpr/digest.h */ = {isa = PBXBuildFile; fileRef = 5EDAC5EBE27F450095C90608 /* /Users/bernardtaloza/Documents/cppworks/opensource/cpr-example/opt/cpr/include/cpr/digest.h */; settings = {COMPILER_FLAGS = ""; }; };
/* End PBXBuildFile section */

/* Begin PBXBuildStyle section */
		2FD15DEFF35A499A94D12369 /* Release */ = {
			isa = PBXBuildStyle;
			buildSettings = {
				COPY_PHASE_STRIP = NO;
			};
			name = Release;
		};
		454FEC5ADCA44CA494016B42 /* Debug */ = {
			isa = PBXBuildStyle;
			buildSettings = {
				COPY_PHASE_STRIP = NO;
			};
			name = Debug;
		};
		5C4DAEAC0A5642718C34B45B /* RelWithDebInfo */ = {
			isa = PBXBuildStyle;
			buildSettings = {
				COPY_PHASE_STRIP = NO;
			};
			name = RelWithDebInfo;
		};
		62F4C03A7974467EA0FAA49E = {
			isa = PBXBuildStyle;
		};
		70740721452A45B4AB991B38 /* MinSizeRel */ = {
			isa = PBXBuildStyle;
			buildSettings = {
				COPY_PHASE_STRIP = NO;
			};
			name = MinSizeRel;
		};
/* End PBXBuildStyle section */

/* Begin PBXContainerItemProxy section */
		7499DF05F80B4DF3AB560650 /* PBXContainerItemProxy */ = {
			isa = PBXContainerItemProxy;
			containerPortal = E201753C16E6461BAD33B7CA /* Project object */;
			proxyType = 1;
			remoteGlobalIDString = A8476F4379E945D992D4649A;
			remoteInfo = ZERO_CHECK;
		};
		D0B38EC46A944FBBB41D3219 /* PBXContainerItemProxy */ = {
			isa = PBXContainerItemProxy;
			containerPortal = E201753C16E6461BAD33B7CA /* Project object */;
			proxyType = 1;
			remoteGlobalIDString = FC23121459344041A38FF775;
			remoteInfo = cpr;
		};
/* End PBXContainerItemProxy section */

/* Begin PBXFileReference section */
		01B0CF8BA8AC4495BA211A2C /* /Users/bernardtaloza/Documents/cppworks/opensource/cpr-example/opt/cpr/cpr/multipart.cpp */ = {isa = PBXFileReference; explicitFileType = sourcecode.cpp.cpp; fileEncoding = 4; name = multipart.cpp; path = cpr/multipart.cpp; sourceTree = SOURCE_ROOT; };
		17C45AED40304C7397596780 /* /Users/bernardtaloza/Documents/cppworks/opensource/cpr-example/opt/cpr/cpr/digest.cpp */ = {isa = PBXFileReference; explicitFileType = sourcecode.cpp.cpp; fileEncoding = 4; name = digest.cpp; path = cpr/digest.cpp; sourceTree = SOURCE_ROOT; };
		28D7C1D986594868ACCD2F2D /* /Users/bernardtaloza/Documents/cppworks/opensource/cpr-example/opt/cpr/include/cpr/session.h */ = {isa = PBXFileReference; explicitFileType = sourcecode.c.h; fileEncoding = 4; name = session.h; path = include/cpr/session.h; sourceTree = SOURCE_ROOT; };
		2CD3C7927ABD4D489F6CF834 /* /Users/bernardtaloza/Documents/cppworks/opensource/cpr-example/opt/cpr/include/cpr/api.h */ = {isa = PBXFileReference; explicitFileType = sourcecode.c.h; fileEncoding = 4; name = api.h; path = include/cpr/api.h; sourceTree = SOURCE_ROOT; };
		2DD7ED62F93C46C580C21A29 /* /Users/bernardtaloza/Documents/cppworks/opensource/cpr-example/opt/cpr/cpr/payload.cpp */ = {isa = PBXFileReference; explicitFileType = sourcecode.cpp.cpp; fileEncoding = 4; name = payload.cpp; path = cpr/payload.cpp; sourceTree = SOURCE_ROOT; };
		31430C433AE5415293E29E2A /* /Users/bernardtaloza/Documents/cppworks/opensource/cpr-example/opt/cpr/include/cpr/parameters.h */ = {isa = PBXFileReference; explicitFileType = sourcecode.c.h; fileEncoding = 4; name = parameters.h; path = include/cpr/parameters.h; sourceTree = SOURCE_ROOT; };
		32CE03D21F204CBB886E46CA /* /Users/bernardtaloza/Documents/cppworks/opensource/cpr-example/opt/cpr/cpr/util.cpp */ = {isa = PBXFileReference; explicitFileType = sourcecode.cpp.cpp; fileEncoding = 4; name = util.cpp; path = cpr/util.cpp; sourceTree = SOURCE_ROOT; };
		3EA0EB7A5E7F47099B187C6C /* /Users/bernardtaloza/Documents/cppworks/opensource/cpr-example/opt/cpr/include/cpr/response.h */ = {isa = PBXFileReference; explicitFileType = sourcecode.c.h; fileEncoding = 4; name = response.h; path = include/cpr/response.h; sourceTree = SOURCE_ROOT; };
		3F217192EC004C42951108E5 /* /Users/bernardtaloza/Documents/cppworks/opensource/cpr-example/opt/cpr/cpr/error.cpp */ = {isa = PBXFileReference; explicitFileType = sourcecode.cpp.cpp; fileEncoding = 4; name = error.cpp; path = cpr/error.cpp; sourceTree = SOURCE_ROOT; };
		3FB2A077CC554F1BB4B8A662 /* /Users/bernardtaloza/Documents/cppworks/opensource/cpr-example/opt/cpr/cpr/cprtypes.cpp */ = {isa = PBXFileReference; explicitFileType = sourcecode.cpp.cpp; fileEncoding = 4; name = cprtypes.cpp; path = cpr/cprtypes.cpp; sourceTree = SOURCE_ROOT; };
		44EE9038E20E41A6B10DB5AA /* /Users/bernardtaloza/Documents/cppworks/opensource/cpr-example/opt/cpr/include/cpr/auth.h */ = {isa = PBXFileReference; explicitFileType = sourcecode.c.h; fileEncoding = 4; name = auth.h; path = include/cpr/auth.h; sourceTree = SOURCE_ROOT; };
		4533C5C2593346CBA381788A /* /Users/bernardtaloza/Documents/cppworks/opensource/cpr-example/opt/cpr/CMakeLists.txt */ = {isa = PBXFileReference; explicitFileType = sourcecode.text; fileEncoding = 4; name = CMakeLists.txt; path = CMakeLists.txt; sourceTree = SOURCE_ROOT; };
		46A7845A0DBC4239B6DD8ACD /* /Users/bernardtaloza/Documents/cppworks/opensource/cpr-example/opt/cpr/cpr/parameters.cpp */ = {isa = PBXFileReference; explicitFileType = sourcecode.cpp.cpp; fileEncoding = 4; name = parameters.cpp; path = cpr/parameters.cpp; sourceTree = SOURCE_ROOT; };
		510B4A0C0915449BA5FFC779 /* /Users/bernardtaloza/Documents/cppworks/opensource/cpr-example/opt/cpr/include/cpr/cookies.h */ = {isa = PBXFileReference; explicitFileType = sourcecode.c.h; fileEncoding = 4; name = cookies.h; path = include/cpr/cookies.h; sourceTree = SOURCE_ROOT; };
		551AD9DB1346484CA0352948 /* /Users/bernardtaloza/Documents/cppworks/opensource/cpr-example/opt/cpr/include/cpr/payload.h */ = {isa = PBXFileReference; explicitFileType = sourcecode.c.h; fileEncoding = 4; name = payload.h; path = include/cpr/payload.h; sourceTree = SOURCE_ROOT; };
		5EDAC5EBE27F450095C90608 /* /Users/bernardtaloza/Documents/cppworks/opensource/cpr-example/opt/cpr/include/cpr/digest.h */ = {isa = PBXFileReference; explicitFileType = sourcecode.c.h; fileEncoding = 4; name = digest.h; path = include/cpr/digest.h; sourceTree = SOURCE_ROOT; };
		60144F4276A64274BED0E81A /* /Users/bernardtaloza/Documents/cppworks/opensource/cpr-example/opt/cpr/include/cpr/util.h */ = {isa = PBXFileReference; explicitFileType = sourcecode.c.h; fileEncoding = 4; name = util.h; path = include/cpr/util.h; sourceTree = SOURCE_ROOT; };
		73F93A51B01F4FCAAA3B2DEF /* /Users/bernardtaloza/Documents/cppworks/opensource/cpr-example/opt/cpr/include/cpr/cprtypes.h */ = {isa = PBXFileReference; explicitFileType = sourcecode.c.h; fileEncoding = 4; name = cprtypes.h; path = include/cpr/cprtypes.h; sourceTree = SOURCE_ROOT; };
		79ED6C76EF014AEBA71F7971 /* /Users/bernardtaloza/Documents/cppworks/opensource/cpr-example/opt/cpr/include/cpr/multipart.h */ = {isa = PBXFileReference; explicitFileType = sourcecode.c.h; fileEncoding = 4; name = multipart.h; path = include/cpr/multipart.h; sourceTree = SOURCE_ROOT; };
		7DD8DCB34EFA4A7C95F72CF2 /* /Users/bernardtaloza/Documents/cppworks/opensource/cpr-example/opt/cpr/cpr/cookies.cpp */ = {isa = PBXFileReference; explicitFileType = sourcecode.cpp.cpp; fileEncoding = 4; name = cookies.cpp; path = cpr/cookies.cpp; sourceTree = SOURCE_ROOT; };
		8931AEBDB22B476F9432C8DC /* /Users/bernardtaloza/Documents/cppworks/opensource/cpr-example/opt/cpr/include/cpr/error.h */ = {isa = PBXFileReference; explicitFileType = sourcecode.c.h; fileEncoding = 4; name = error.h; path = include/cpr/error.h; sourceTree = SOURCE_ROOT; };
		93EC437B5F4642EA89647B75 /* /Users/bernardtaloza/Documents/cppworks/opensource/cpr-example/opt/cpr/include/cpr/defines.h */ = {isa = PBXFileReference; explicitFileType = sourcecode.c.h; fileEncoding = 4; name = defines.h; path = include/cpr/defines.h; sourceTree = SOURCE_ROOT; };
		942AACD10E8C4E50BA39CE0C /* /Users/bernardtaloza/Documents/cppworks/opensource/cpr-example/opt/cpr/include/cpr/curlholder.h */ = {isa = PBXFileReference; explicitFileType = sourcecode.c.h; fileEncoding = 4; name = curlholder.h; path = include/cpr/curlholder.h; sourceTree = SOURCE_ROOT; };
		98DCFD3D478E4941916B80DE /* /Users/bernardtaloza/Documents/cppworks/opensource/cpr-example/opt/cpr/include/cpr/cpr.h */ = {isa = PBXFileReference; explicitFileType = sourcecode.c.h; fileEncoding = 4; name = cpr.h; path = include/cpr/cpr.h; sourceTree = SOURCE_ROOT; };
		A5A6B482E95F4E40ACE03A11 /* /Users/bernardtaloza/Documents/cppworks/opensource/cpr-example/opt/cpr/cpr/CMakeLists.txt */ = {isa = PBXFileReference; explicitFileType = sourcecode.text; fileEncoding = 4; name = CMakeLists.txt; path = cpr/CMakeLists.txt; sourceTree = SOURCE_ROOT; };
		A674D2D61F53493E9F38A1D6 /* /Users/bernardtaloza/Documents/cppworks/opensource/cpr-example/opt/cpr/include/cpr/timeout.h */ = {isa = PBXFileReference; explicitFileType = sourcecode.c.h; fileEncoding = 4; name = timeout.h; path = include/cpr/timeout.h; sourceTree = SOURCE_ROOT; };
		A8821BC7F2594FC69CA24E03 /* /Users/bernardtaloza/Documents/cppworks/opensource/cpr-example/opt/cpr/CMakeLists.txt */ = {isa = PBXFileReference; explicitFileType = sourcecode.text; fileEncoding = 4; name = CMakeLists.txt; path = CMakeLists.txt; sourceTree = SOURCE_ROOT; };
		AACB586900724CE69F378599 /* /Users/bernardtaloza/Documents/cppworks/opensource/cpr-example/opt/cpr/cpr/proxies.cpp */ = {isa = PBXFileReference; explicitFileType = sourcecode.cpp.cpp; fileEncoding = 4; name = proxies.cpp; path = cpr/proxies.cpp; sourceTree = SOURCE_ROOT; };
		ACFDF7BD76D740BEA9B224C0 /* /Users/bernardtaloza/Documents/cppworks/opensource/cpr-example/opt/cpr/cpr/session.cpp */ = {isa = PBXFileReference; explicitFileType = sourcecode.cpp.cpp; fileEncoding = 4; name = session.cpp; path = cpr/session.cpp; sourceTree = SOURCE_ROOT; };
		B2A916B574E74056B527827C /* /Users/bernardtaloza/Documents/cppworks/opensource/cpr-example/opt/cpr/include/cpr/body.h */ = {isa = PBXFileReference; explicitFileType = sourcecode.c.h; fileEncoding = 4; name = body.h; path = include/cpr/body.h; sourceTree = SOURCE_ROOT; };
		B52905DD572E4E0DAE55CBCD /* cpr */ = {isa = PBXFileReference; explicitFileType = archive.ar; path = libcpr.a; refType = 0; sourceTree = BUILT_PRODUCTS_DIR; };
		B8FAFEB1CFD0409BA83B84CD /* /Users/bernardtaloza/Documents/cppworks/opensource/cpr-example/opt/cpr/cpr/auth.cpp */ = {isa = PBXFileReference; explicitFileType = sourcecode.cpp.cpp; fileEncoding = 4; name = auth.cpp; path = cpr/auth.cpp; sourceTree = SOURCE_ROOT; };
		C0F1C7B44D4249F6898BC9BC /* /Users/bernardtaloza/Documents/cppworks/opensource/cpr-example/opt/cpr/include/cpr/proxies.h */ = {isa = PBXFileReference; explicitFileType = sourcecode.c.h; fileEncoding = 4; name = proxies.h; path = include/cpr/proxies.h; sourceTree = SOURCE_ROOT; };
/* End PBXFileReference section */

/* Begin PBXGroup section */
		039FC50170144F129910E8EA /* Resources */ = {
			isa = PBXGroup;
			children = (
			);
			name = Resources;
			sourceTree = "<group>";
		};
		2ECC5CB0826145349A15E9EA /* cpr */ = {
			isa = PBXGroup;
			children = (
				A9FC4C29A6E847EEB6278E4D /* Source Files */,
				C1876812F07F46DC93197EF8 /* Header Files */,
				A5A6B482E95F4E40ACE03A11 /* /Users/bernardtaloza/Documents/cppworks/opensource/cpr-example/opt/cpr/cpr/CMakeLists.txt */,
			);
			name = cpr;
			sourceTree = "<group>";
		};
		42124EA190764058B887B3D4 /* CMake Rules */ = {
			isa = PBXGroup;
			children = (
			);
			name = "CMake Rules";
			sourceTree = "<group>";
		};
		44A23116EA8141A983475308 = {
			isa = PBXGroup;
			children = (
				E85201404C5B49929A44808A /* Sources */,
				039FC50170144F129910E8EA /* Resources */,
				C3C4DE1355D4414E93BB25A6 /* Products */,
			);
			sourceTree = "<group>";
		};
		6BE901FC67684B7DA0D415DF /* ALL_BUILD */ = {
			isa = PBXGroup;
			children = (
				B32B83EE168F4ABDA9E330D4 /* CMake Rules */,
				4533C5C2593346CBA381788A /* /Users/bernardtaloza/Documents/cppworks/opensource/cpr-example/opt/cpr/CMakeLists.txt */,
			);
			name = ALL_BUILD;
			sourceTree = "<group>";
		};
		A9FC4C29A6E847EEB6278E4D /* Source Files */ = {
			isa = PBXGroup;
			children = (
				B8FAFEB1CFD0409BA83B84CD /* /Users/bernardtaloza/Documents/cppworks/opensource/cpr-example/opt/cpr/cpr/auth.cpp */,
				7DD8DCB34EFA4A7C95F72CF2 /* /Users/bernardtaloza/Documents/cppworks/opensource/cpr-example/opt/cpr/cpr/cookies.cpp */,
				3FB2A077CC554F1BB4B8A662 /* /Users/bernardtaloza/Documents/cppworks/opensource/cpr-example/opt/cpr/cpr/cprtypes.cpp */,
				17C45AED40304C7397596780 /* /Users/bernardtaloza/Documents/cppworks/opensource/cpr-example/opt/cpr/cpr/digest.cpp */,
				3F217192EC004C42951108E5 /* /Users/bernardtaloza/Documents/cppworks/opensource/cpr-example/opt/cpr/cpr/error.cpp */,
				01B0CF8BA8AC4495BA211A2C /* /Users/bernardtaloza/Documents/cppworks/opensource/cpr-example/opt/cpr/cpr/multipart.cpp */,
				46A7845A0DBC4239B6DD8ACD /* /Users/bernardtaloza/Documents/cppworks/opensource/cpr-example/opt/cpr/cpr/parameters.cpp */,
				2DD7ED62F93C46C580C21A29 /* /Users/bernardtaloza/Documents/cppworks/opensource/cpr-example/opt/cpr/cpr/payload.cpp */,
				AACB586900724CE69F378599 /* /Users/bernardtaloza/Documents/cppworks/opensource/cpr-example/opt/cpr/cpr/proxies.cpp */,
				ACFDF7BD76D740BEA9B224C0 /* /Users/bernardtaloza/Documents/cppworks/opensource/cpr-example/opt/cpr/cpr/session.cpp */,
				32CE03D21F204CBB886E46CA /* /Users/bernardtaloza/Documents/cppworks/opensource/cpr-example/opt/cpr/cpr/util.cpp */,
			);
			name = "Source Files";
			sourceTree = "<group>";
		};
		B32B83EE168F4ABDA9E330D4 /* CMake Rules */ = {
			isa = PBXGroup;
			children = (
			);
			name = "CMake Rules";
			sourceTree = "<group>";
		};
		C1876812F07F46DC93197EF8 /* Header Files */ = {
			isa = PBXGroup;
			children = (
				2CD3C7927ABD4D489F6CF834 /* /Users/bernardtaloza/Documents/cppworks/opensource/cpr-example/opt/cpr/include/cpr/api.h */,
				44EE9038E20E41A6B10DB5AA /* /Users/bernardtaloza/Documents/cppworks/opensource/cpr-example/opt/cpr/include/cpr/auth.h */,
				B2A916B574E74056B527827C /* /Users/bernardtaloza/Documents/cppworks/opensource/cpr-example/opt/cpr/include/cpr/body.h */,
				510B4A0C0915449BA5FFC779 /* /Users/bernardtaloza/Documents/cppworks/opensource/cpr-example/opt/cpr/include/cpr/cookies.h */,
				98DCFD3D478E4941916B80DE /* /Users/bernardtaloza/Documents/cppworks/opensource/cpr-example/opt/cpr/include/cpr/cpr.h */,
				73F93A51B01F4FCAAA3B2DEF /* /Users/bernardtaloza/Documents/cppworks/opensource/cpr-example/opt/cpr/include/cpr/cprtypes.h */,
				942AACD10E8C4E50BA39CE0C /* /Users/bernardtaloza/Documents/cppworks/opensource/cpr-example/opt/cpr/include/cpr/curlholder.h */,
				93EC437B5F4642EA89647B75 /* /Users/bernardtaloza/Documents/cppworks/opensource/cpr-example/opt/cpr/include/cpr/defines.h */,
				5EDAC5EBE27F450095C90608 /* /Users/bernardtaloza/Documents/cppworks/opensource/cpr-example/opt/cpr/include/cpr/digest.h */,
				8931AEBDB22B476F9432C8DC /* /Users/bernardtaloza/Documents/cppworks/opensource/cpr-example/opt/cpr/include/cpr/error.h */,
				79ED6C76EF014AEBA71F7971 /* /Users/bernardtaloza/Documents/cppworks/opensource/cpr-example/opt/cpr/include/cpr/multipart.h */,
				31430C433AE5415293E29E2A /* /Users/bernardtaloza/Documents/cppworks/opensource/cpr-example/opt/cpr/include/cpr/parameters.h */,
				551AD9DB1346484CA0352948 /* /Users/bernardtaloza/Documents/cppworks/opensource/cpr-example/opt/cpr/include/cpr/payload.h */,
				C0F1C7B44D4249F6898BC9BC /* /Users/bernardtaloza/Documents/cppworks/opensource/cpr-example/opt/cpr/include/cpr/proxies.h */,
				3EA0EB7A5E7F47099B187C6C /* /Users/bernardtaloza/Documents/cppworks/opensource/cpr-example/opt/cpr/include/cpr/response.h */,
				28D7C1D986594868ACCD2F2D /* /Users/bernardtaloza/Documents/cppworks/opensource/cpr-example/opt/cpr/include/cpr/session.h */,
				A674D2D61F53493E9F38A1D6 /* /Users/bernardtaloza/Documents/cppworks/opensource/cpr-example/opt/cpr/include/cpr/timeout.h */,
				60144F4276A64274BED0E81A /* /Users/bernardtaloza/Documents/cppworks/opensource/cpr-example/opt/cpr/include/cpr/util.h */,
			);
			name = "Header Files";
			sourceTree = "<group>";
		};
		C3C4DE1355D4414E93BB25A6 /* Products */ = {
			isa = PBXGroup;
			children = (
				B52905DD572E4E0DAE55CBCD /* cpr */,
			);
			name = Products;
			sourceTree = "<group>";
		};
		E71B75A67D0B44E69E5FCE1D /* ZERO_CHECK */ = {
			isa = PBXGroup;
			children = (
				42124EA190764058B887B3D4 /* CMake Rules */,
				A8821BC7F2594FC69CA24E03 /* /Users/bernardtaloza/Documents/cppworks/opensource/cpr-example/opt/cpr/CMakeLists.txt */,
			);
			name = ZERO_CHECK;
			sourceTree = "<group>";
		};
		E85201404C5B49929A44808A /* Sources */ = {
			isa = PBXGroup;
			children = (
				E71B75A67D0B44E69E5FCE1D /* ZERO_CHECK */,
				6BE901FC67684B7DA0D415DF /* ALL_BUILD */,
				2ECC5CB0826145349A15E9EA /* cpr */,
			);
			name = Sources;
			sourceTree = "<group>";
		};
/* End PBXGroup section */

/* Begin PBXNativeTarget section */
		FC23121459344041A38FF775 /* cpr */ = {
			isa = PBXNativeTarget;
			buildConfigurationList = 51A73C0929524EA8AFD7AEA5 /* Build configuration list for PBXNativeTarget "cpr" */;
			buildPhases = (
				ED00B24B92BD451685FA826C /* Sources */,
			);
			buildRules = (
			);
			dependencies = (
			);
			name = cpr;
			productName = cpr;
			productReference = B52905DD572E4E0DAE55CBCD /* cpr */;
			productType = "com.apple.product-type.library.static";
		};
/* End PBXNativeTarget section */

/* Begin PBXProject section */
		E201753C16E6461BAD33B7CA /* Project object */ = {
			isa = PBXProject;
			attributes = {
				BuildIndependentTargetsInParallel = YES;
			};
			buildConfigurationList = D7E943A34BA04E5FB1FAB4F1 /* Build configuration list for PBXProject "cpr" */;
			buildSettings = {
			};
			buildStyles = (
				454FEC5ADCA44CA494016B42 /* Debug */,
				2FD15DEFF35A499A94D12369 /* Release */,
				70740721452A45B4AB991B38 /* MinSizeRel */,
				5C4DAEAC0A5642718C34B45B /* RelWithDebInfo */,
			);
			compatibilityVersion = "Xcode 3.2";
			hasScannedForEncodings = 0;
			mainGroup = 44A23116EA8141A983475308;
			projectDirPath = ../../../../../opt/cpr;
			projectRoot = "";
			targets = (
				0341461D2DA049179FC01058 /* ALL_BUILD */,
				A8476F4379E945D992D4649A /* ZERO_CHECK */,
				FC23121459344041A38FF775 /* cpr */,
			);
		};
/* End PBXProject section */

/* Begin PBXShellScriptBuildPhase section */
		87B0F74BFC364B67AD2290A7 = {
			isa = PBXShellScriptBuildPhase;
			buildActionMask = 2147483647;
			files = (
			);
			inputPaths = (
			);
			outputPaths = (
			);
			runOnlyForDeploymentPostprocessing = 0;
			shellPath = /bin/sh;
			shellScript = "# shell script goes here
exit 0";
			showEnvVarsInLog = 0;
		};
		9A1DB9506F264174B30109B4 = {
			isa = PBXShellScriptBuildPhase;
			buildActionMask = 2147483647;
			files = (
			);
			inputPaths = (
			);
			outputPaths = (
			);
			runOnlyForDeploymentPostprocessing = 0;
			shellPath = /bin/sh;
			shellScript = "# shell script goes here
exit 0";
			showEnvVarsInLog = 0;
		};
		DE60C20E857C4F1F8F8D6B07 /* CMake Rules */ = {
			isa = PBXShellScriptBuildPhase;
			buildActionMask = 2147483647;
			files = (
			);
			name = "CMake Rules";
			runOnlyForDeploymentPostprocessing = 0;
			shellPath = /bin/sh;
			shellScript = "make -C /Users/bernardtaloza/Documents/cppworks/opensource/cpr-example/build_ios/build.debug/build.arm/opt/cpr -f /Users/bernardtaloza/Documents/cppworks/opensource/cpr-example/build_ios/build.debug/build.arm/opt/cpr/CMakeScripts/ZERO_CHECK_cmakeRulesBuildPhase.make$CONFIGURATION all";
			showEnvVarsInLog = 0;
		};
		F1938FBC4AC249EBA50698D9 /* CMake Rules */ = {
			isa = PBXShellScriptBuildPhase;
			buildActionMask = 2147483647;
			files = (
			);
			name = "CMake Rules";
			runOnlyForDeploymentPostprocessing = 0;
			shellPath = /bin/sh;
			shellScript = "make -C /Users/bernardtaloza/Documents/cppworks/opensource/cpr-example/build_ios/build.debug/build.arm/opt/cpr -f /Users/bernardtaloza/Documents/cppworks/opensource/cpr-example/build_ios/build.debug/build.arm/opt/cpr/CMakeScripts/ALL_BUILD_cmakeRulesBuildPhase.make$CONFIGURATION all";
			showEnvVarsInLog = 0;
		};
/* End PBXShellScriptBuildPhase section */

/* Begin PBXSourcesBuildPhase section */
		ED00B24B92BD451685FA826C /* Sources */ = {
			isa = PBXSourcesBuildPhase;
			buildActionMask = 2147483647;
			files = (
				747B5F12F1224091A127D6D2 /* /Users/bernardtaloza/Documents/cppworks/opensource/cpr-example/opt/cpr/cpr/auth.cpp */,
				4038CDA509B34A26B75FF161 /* /Users/bernardtaloza/Documents/cppworks/opensource/cpr-example/opt/cpr/cpr/cookies.cpp */,
				3AB03B447E874D2A89899E3A /* /Users/bernardtaloza/Documents/cppworks/opensource/cpr-example/opt/cpr/cpr/cprtypes.cpp */,
				97E4514615AD453F908370EF /* /Users/bernardtaloza/Documents/cppworks/opensource/cpr-example/opt/cpr/cpr/digest.cpp */,
				AE1C961D726F458086AA1902 /* /Users/bernardtaloza/Documents/cppworks/opensource/cpr-example/opt/cpr/cpr/error.cpp */,
				1F285E30600B40FD8C060CA7 /* /Users/bernardtaloza/Documents/cppworks/opensource/cpr-example/opt/cpr/cpr/multipart.cpp */,
				C999AFED764C4318975ABE6C /* /Users/bernardtaloza/Documents/cppworks/opensource/cpr-example/opt/cpr/cpr/parameters.cpp */,
				60EA10510CDE404B99947888 /* /Users/bernardtaloza/Documents/cppworks/opensource/cpr-example/opt/cpr/cpr/payload.cpp */,
				E908CD75BC5B42A493507408 /* /Users/bernardtaloza/Documents/cppworks/opensource/cpr-example/opt/cpr/cpr/proxies.cpp */,
				10CDDD220E494C2BB64E40B6 /* /Users/bernardtaloza/Documents/cppworks/opensource/cpr-example/opt/cpr/cpr/session.cpp */,
				7B47A39D82C14F779061AD6B /* /Users/bernardtaloza/Documents/cppworks/opensource/cpr-example/opt/cpr/cpr/util.cpp */,
			);
			runOnlyForDeploymentPostprocessing = 0;
		};
/* End PBXSourcesBuildPhase section */

/* Begin PBXTargetDependency section */
		24D85F0F8BF14E37926F1143 /* PBXTargetDependency */ = {
			isa = PBXTargetDependency;
			target = A8476F4379E945D992D4649A /* ZERO_CHECK */;
			targetProxy = 7499DF05F80B4DF3AB560650 /* PBXContainerItemProxy */;
		};
		53CEBAA4CE5A4489AEC0CB4F /* PBXTargetDependency */ = {
			isa = PBXTargetDependency;
			target = FC23121459344041A38FF775 /* cpr */;
			targetProxy = D0B38EC46A944FBBB41D3219 /* PBXContainerItemProxy */;
		};
/* End PBXTargetDependency section */

/* Begin XCBuildConfiguration section */
		0F152463D0434401ABB2DBA5 /* MinSizeRel */ = {
			isa = XCBuildConfiguration;
			buildSettings = {
				COMBINE_HIDPI_IMAGES = YES;
				GCC_GENERATE_DEBUGGING_SYMBOLS = YES;
				GCC_INLINES_ARE_PRIVATE_EXTERN = NO;
				GCC_OPTIMIZATION_LEVEL = 0;
				GCC_PREPROCESSOR_DEFINITIONS = ("'CMAKE_INTDIR=\"$(CONFIGURATION)$(EFFECTIVE_PLATFORM_NAME)\"'", CMAKE_USE_OPENSSL, );
				GCC_SYMBOLS_PRIVATE_EXTERN = NO;
				INSTALL_PATH = "";
				OTHER_LDFLAGS = " ";
				OTHER_REZFLAGS = "";
				PRODUCT_NAME = ZERO_CHECK;
				SECTORDER_FLAGS = "";
				SYMROOT = "/Users/bernardtaloza/Documents/cppworks/opensource/cpr-example/build_ios/build.debug/build.arm/opt/cpr";
				USE_HEADERMAP = NO;
				WARNING_CFLAGS = ("-Wmost", "-Wno-four-char-constants", "-Wno-unknown-pragmas", "$(inherited)", );
			};
			name = MinSizeRel;
		};
		145349A5C0BE44498035E50D /* Debug */ = {
			isa = XCBuildConfiguration;
			buildSettings = {
				ARCHS = "armv7 armv7s arm64";
				CLANG_CXX_LANGUAGE_STANDARD = "c++11";
				CLANG_CXX_LIBRARY = "libc++";
				SDKROOT = /Applications/Xcode.app/Contents/Developer/Platforms/iPhoneOS.platform/Developer/SDKs/iPhoneOS9.2.sdk;
				SYMROOT = "/Users/bernardtaloza/Documents/cppworks/opensource/cpr-example/build_ios/build.debug/build.arm/opt/cpr/build";
			};
			name = Debug;
		};
		3A80A547EE5B4819B7029863 /* MinSizeRel */ = {
			isa = XCBuildConfiguration;
			buildSettings = {
				COMBINE_HIDPI_IMAGES = YES;
				GCC_GENERATE_DEBUGGING_SYMBOLS = YES;
				GCC_INLINES_ARE_PRIVATE_EXTERN = NO;
				GCC_OPTIMIZATION_LEVEL = 0;
				GCC_PREPROCESSOR_DEFINITIONS = ("'CMAKE_INTDIR=\"$(CONFIGURATION)$(EFFECTIVE_PLATFORM_NAME)\"'", CMAKE_USE_OPENSSL, );
				GCC_SYMBOLS_PRIVATE_EXTERN = NO;
				INSTALL_PATH = "";
				OTHER_LDFLAGS = " ";
				OTHER_REZFLAGS = "";
				PRODUCT_NAME = ALL_BUILD;
				SECTORDER_FLAGS = "";
				SYMROOT = "/Users/bernardtaloza/Documents/cppworks/opensource/cpr-example/build_ios/build.debug/build.arm/opt/cpr";
				USE_HEADERMAP = NO;
				WARNING_CFLAGS = ("-Wmost", "-Wno-four-char-constants", "-Wno-unknown-pragmas", "$(inherited)", );
			};
			name = MinSizeRel;
		};
		4C26E4A67C8C4A52BDDD503D /* RelWithDebInfo */ = {
			isa = XCBuildConfiguration;
			buildSettings = {
				ARCHS = "armv7 armv7s arm64";
				CLANG_CXX_LANGUAGE_STANDARD = "c++11";
				CLANG_CXX_LIBRARY = "libc++";
				SDKROOT = /Applications/Xcode.app/Contents/Developer/Platforms/iPhoneOS.platform/Developer/SDKs/iPhoneOS9.2.sdk;
				SYMROOT = "/Users/bernardtaloza/Documents/cppworks/opensource/cpr-example/build_ios/build.debug/build.arm/opt/cpr/build";
			};
			name = RelWithDebInfo;
		};
		4F5062E6DC6245058F49C6E7 /* Release */ = {
			isa = XCBuildConfiguration;
			buildSettings = {
				COMBINE_HIDPI_IMAGES = YES;
				GCC_GENERATE_DEBUGGING_SYMBOLS = YES;
				GCC_INLINES_ARE_PRIVATE_EXTERN = NO;
				GCC_OPTIMIZATION_LEVEL = 0;
				GCC_PREPROCESSOR_DEFINITIONS = ("'CMAKE_INTDIR=\"$(CONFIGURATION)$(EFFECTIVE_PLATFORM_NAME)\"'", CMAKE_USE_OPENSSL, );
				GCC_SYMBOLS_PRIVATE_EXTERN = NO;
				INSTALL_PATH = "";
				OTHER_LDFLAGS = " ";
				OTHER_REZFLAGS = "";
				PRODUCT_NAME = ALL_BUILD;
				SECTORDER_FLAGS = "";
				SYMROOT = "/Users/bernardtaloza/Documents/cppworks/opensource/cpr-example/build_ios/build.debug/build.arm/opt/cpr";
				USE_HEADERMAP = NO;
				WARNING_CFLAGS = ("-Wmost", "-Wno-four-char-constants", "-Wno-unknown-pragmas", "$(inherited)", );
			};
			name = Release;
		};
		52554D2912574579853939D9 /* Debug */ = {
			isa = XCBuildConfiguration;
			buildSettings = {
				ARCHS = (armv7, armv7s, arm64, );
				COMBINE_HIDPI_IMAGES = YES;
				CONFIGURATION_BUILD_DIR = "/Users/bernardtaloza/Documents/cppworks/opensource/cpr-example/build_ios/build.debug/build.arm/Binaries/Debug";
				EXECUTABLE_PREFIX = lib;
				EXECUTABLE_SUFFIX = .a;
				GCC_GENERATE_DEBUGGING_SYMBOLS = NO;
				GCC_INLINES_ARE_PRIVATE_EXTERN = NO;
				GCC_OPTIMIZATION_LEVEL = 0;
				GCC_PREPROCESSOR_DEFINITIONS = ("'CMAKE_INTDIR=\"$(CONFIGURATION)$(EFFECTIVE_PLATFORM_NAME)\"'", CMAKE_USE_OPENSSL, );
				GCC_SYMBOLS_PRIVATE_EXTERN = NO;
				HEADER_SEARCH_PATHS = ("/Users/bernardtaloza/Documents/cppworks/opensource/cpr-example/opt/cpr/include", "/Users/bernardtaloza/Documents/cppworks/opensource/cpr-example/../build_ios/curl-ios/include", );
				INSTALL_PATH = "";
				LIBRARY_STYLE = STATIC;
				ONLY_ACTIVE_ARCH = NO;
				OTHER_CPLUSPLUSFLAGS = " -fvisibility=hidden -fvisibility-inlines-hidden -stdlib=libc++ -Wno-return-type-c-linkage -Wno-unneeded-internal-declaration -std=c++11 -fno-strict-aliasing  ";
				OTHER_LIBTOOLFLAGS = " ";
				OTHER_REZFLAGS = "";
				PRODUCT_NAME = cpr;
				SECTORDER_FLAGS = "";
				SYMROOT = "/Users/bernardtaloza/Documents/cppworks/opensource/cpr-example/build_ios/build.debug/build.arm/opt/cpr/cpr";
				USE_HEADERMAP = NO;
				WARNING_CFLAGS = ("-Wmost", "-Wno-four-char-constants", "-Wno-unknown-pragmas", "$(inherited)", );
			};
			name = Debug;
		};
		732E3D90637145538208CF51 /* Debug */ = {
			isa = XCBuildConfiguration;
			buildSettings = {
				COMBINE_HIDPI_IMAGES = YES;
				GCC_GENERATE_DEBUGGING_SYMBOLS = YES;
				GCC_INLINES_ARE_PRIVATE_EXTERN = NO;
				GCC_OPTIMIZATION_LEVEL = 0;
				GCC_PREPROCESSOR_DEFINITIONS = ("'CMAKE_INTDIR=\"$(CONFIGURATION)$(EFFECTIVE_PLATFORM_NAME)\"'", CMAKE_USE_OPENSSL, );
				GCC_SYMBOLS_PRIVATE_EXTERN = NO;
				INSTALL_PATH = "";
				OTHER_LDFLAGS = " ";
				OTHER_REZFLAGS = "";
				PRODUCT_NAME = ALL_BUILD;
				SECTORDER_FLAGS = "";
				SYMROOT = "/Users/bernardtaloza/Documents/cppworks/opensource/cpr-example/build_ios/build.debug/build.arm/opt/cpr";
				USE_HEADERMAP = NO;
				WARNING_CFLAGS = ("-Wmost", "-Wno-four-char-constants", "-Wno-unknown-pragmas", "$(inherited)", );
			};
			name = Debug;
		};
		773140D212CD4849A99D5DBD /* RelWithDebInfo */ = {
			isa = XCBuildConfiguration;
			buildSettings = {
				COMBINE_HIDPI_IMAGES = YES;
				GCC_GENERATE_DEBUGGING_SYMBOLS = YES;
				GCC_INLINES_ARE_PRIVATE_EXTERN = NO;
				GCC_OPTIMIZATION_LEVEL = 0;
				GCC_PREPROCESSOR_DEFINITIONS = ("'CMAKE_INTDIR=\"$(CONFIGURATION)$(EFFECTIVE_PLATFORM_NAME)\"'", CMAKE_USE_OPENSSL, );
				GCC_SYMBOLS_PRIVATE_EXTERN = NO;
				INSTALL_PATH = "";
				OTHER_LDFLAGS = " ";
				OTHER_REZFLAGS = "";
				PRODUCT_NAME = ZERO_CHECK;
				SECTORDER_FLAGS = "";
				SYMROOT = "/Users/bernardtaloza/Documents/cppworks/opensource/cpr-example/build_ios/build.debug/build.arm/opt/cpr";
				USE_HEADERMAP = NO;
				WARNING_CFLAGS = ("-Wmost", "-Wno-four-char-constants", "-Wno-unknown-pragmas", "$(inherited)", );
			};
			name = RelWithDebInfo;
		};
		778556CD13FA4E659F279D19 /* MinSizeRel */ = {
			isa = XCBuildConfiguration;
			buildSettings = {
				ARCHS = "armv7 armv7s arm64";
				CLANG_CXX_LANGUAGE_STANDARD = "c++11";
				CLANG_CXX_LIBRARY = "libc++";
				SDKROOT = /Applications/Xcode.app/Contents/Developer/Platforms/iPhoneOS.platform/Developer/SDKs/iPhoneOS9.2.sdk;
				SYMROOT = "/Users/bernardtaloza/Documents/cppworks/opensource/cpr-example/build_ios/build.debug/build.arm/opt/cpr/build";
			};
			name = MinSizeRel;
		};
		9CD539587D5248D191C0CE70 /* Release */ = {
			isa = XCBuildConfiguration;
			buildSettings = {
				COMBINE_HIDPI_IMAGES = YES;
				GCC_GENERATE_DEBUGGING_SYMBOLS = YES;
				GCC_INLINES_ARE_PRIVATE_EXTERN = NO;
				GCC_OPTIMIZATION_LEVEL = 0;
				GCC_PREPROCESSOR_DEFINITIONS = ("'CMAKE_INTDIR=\"$(CONFIGURATION)$(EFFECTIVE_PLATFORM_NAME)\"'", CMAKE_USE_OPENSSL, );
				GCC_SYMBOLS_PRIVATE_EXTERN = NO;
				INSTALL_PATH = "";
				OTHER_LDFLAGS = " ";
				OTHER_REZFLAGS = "";
				PRODUCT_NAME = ZERO_CHECK;
				SECTORDER_FLAGS = "";
				SYMROOT = "/Users/bernardtaloza/Documents/cppworks/opensource/cpr-example/build_ios/build.debug/build.arm/opt/cpr";
				USE_HEADERMAP = NO;
				WARNING_CFLAGS = ("-Wmost", "-Wno-four-char-constants", "-Wno-unknown-pragmas", "$(inherited)", );
			};
			name = Release;
		};
		A0822F9169D94DA08B21B452 /* MinSizeRel */ = {
			isa = XCBuildConfiguration;
			buildSettings = {
				ARCHS = (armv7, armv7s, arm64, );
				COMBINE_HIDPI_IMAGES = YES;
				CONFIGURATION_BUILD_DIR = "/Users/bernardtaloza/Documents/cppworks/opensource/cpr-example/build_ios/build.debug/build.arm/Binaries/MinSizeRel";
				EXECUTABLE_PREFIX = lib;
				EXECUTABLE_SUFFIX = .a;
				GCC_GENERATE_DEBUGGING_SYMBOLS = NO;
				GCC_INLINES_ARE_PRIVATE_EXTERN = NO;
				GCC_OPTIMIZATION_LEVEL = 0;
				GCC_PREPROCESSOR_DEFINITIONS = ("'CMAKE_INTDIR=\"$(CONFIGURATION)$(EFFECTIVE_PLATFORM_NAME)\"'", CMAKE_USE_OPENSSL, );
				GCC_SYMBOLS_PRIVATE_EXTERN = NO;
				HEADER_SEARCH_PATHS = ("/Users/bernardtaloza/Documents/cppworks/opensource/cpr-example/opt/cpr/include", "/Users/bernardtaloza/Documents/cppworks/opensource/cpr-example/../build_ios/curl-ios/include", );
				INSTALL_PATH = "";
				LIBRARY_STYLE = STATIC;
				ONLY_ACTIVE_ARCH = NO;
				OTHER_CPLUSPLUSFLAGS = " -fvisibility=hidden -fvisibility-inlines-hidden -stdlib=libc++ -Wno-return-type-c-linkage -Wno-unneeded-internal-declaration -std=c++11 -fno-strict-aliasing  ";
				OTHER_LIBTOOLFLAGS = " ";
				OTHER_REZFLAGS = "";
				PRODUCT_NAME = cpr;
				SECTORDER_FLAGS = "";
				SYMROOT = "/Users/bernardtaloza/Documents/cppworks/opensource/cpr-example/build_ios/build.debug/build.arm/opt/cpr/cpr";
				USE_HEADERMAP = NO;
				WARNING_CFLAGS = ("-Wmost", "-Wno-four-char-constants", "-Wno-unknown-pragmas", "$(inherited)", );
			};
			name = MinSizeRel;
		};
		BC6FC4A82DEA46D2A83ACCC8 /* RelWithDebInfo */ = {
			isa = XCBuildConfiguration;
			buildSettings = {
				ARCHS = (armv7, armv7s, arm64, );
				COMBINE_HIDPI_IMAGES = YES;
				CONFIGURATION_BUILD_DIR = "/Users/bernardtaloza/Documents/cppworks/opensource/cpr-example/build_ios/build.debug/build.arm/Binaries/RelWithDebInfo";
				EXECUTABLE_PREFIX = lib;
				EXECUTABLE_SUFFIX = .a;
				GCC_GENERATE_DEBUGGING_SYMBOLS = NO;
				GCC_INLINES_ARE_PRIVATE_EXTERN = NO;
				GCC_OPTIMIZATION_LEVEL = 0;
				GCC_PREPROCESSOR_DEFINITIONS = ("'CMAKE_INTDIR=\"$(CONFIGURATION)$(EFFECTIVE_PLATFORM_NAME)\"'", CMAKE_USE_OPENSSL, );
				GCC_SYMBOLS_PRIVATE_EXTERN = NO;
				HEADER_SEARCH_PATHS = ("/Users/bernardtaloza/Documents/cppworks/opensource/cpr-example/opt/cpr/include", "/Users/bernardtaloza/Documents/cppworks/opensource/cpr-example/../build_ios/curl-ios/include", );
				INSTALL_PATH = "";
				LIBRARY_STYLE = STATIC;
				ONLY_ACTIVE_ARCH = NO;
				OTHER_CPLUSPLUSFLAGS = " -fvisibility=hidden -fvisibility-inlines-hidden -stdlib=libc++ -Wno-return-type-c-linkage -Wno-unneeded-internal-declaration -std=c++11 -fno-strict-aliasing  ";
				OTHER_LIBTOOLFLAGS = " ";
				OTHER_REZFLAGS = "";
				PRODUCT_NAME = cpr;
				SECTORDER_FLAGS = "";
				SYMROOT = "/Users/bernardtaloza/Documents/cppworks/opensource/cpr-example/build_ios/build.debug/build.arm/opt/cpr/cpr";
				USE_HEADERMAP = NO;
				WARNING_CFLAGS = ("-Wmost", "-Wno-four-char-constants", "-Wno-unknown-pragmas", "$(inherited)", );
			};
			name = RelWithDebInfo;
		};
		C46369D9CC284CC68481420C /* Release */ = {
			isa = XCBuildConfiguration;
			buildSettings = {
				ARCHS = (armv7, armv7s, arm64, );
				COMBINE_HIDPI_IMAGES = YES;
				CONFIGURATION_BUILD_DIR = "/Users/bernardtaloza/Documents/cppworks/opensource/cpr-example/build_ios/build.debug/build.arm/Binaries/Release";
				EXECUTABLE_PREFIX = lib;
				EXECUTABLE_SUFFIX = .a;
				GCC_GENERATE_DEBUGGING_SYMBOLS = NO;
				GCC_INLINES_ARE_PRIVATE_EXTERN = NO;
				GCC_OPTIMIZATION_LEVEL = 0;
				GCC_PREPROCESSOR_DEFINITIONS = ("'CMAKE_INTDIR=\"$(CONFIGURATION)$(EFFECTIVE_PLATFORM_NAME)\"'", CMAKE_USE_OPENSSL, );
				GCC_SYMBOLS_PRIVATE_EXTERN = NO;
				HEADER_SEARCH_PATHS = ("/Users/bernardtaloza/Documents/cppworks/opensource/cpr-example/opt/cpr/include", "/Users/bernardtaloza/Documents/cppworks/opensource/cpr-example/../build_ios/curl-ios/include", );
				INSTALL_PATH = "";
				LIBRARY_STYLE = STATIC;
				ONLY_ACTIVE_ARCH = NO;
				OTHER_CPLUSPLUSFLAGS = " -fvisibility=hidden -fvisibility-inlines-hidden -stdlib=libc++ -Wno-return-type-c-linkage -Wno-unneeded-internal-declaration -std=c++11 -fno-strict-aliasing  ";
				OTHER_LIBTOOLFLAGS = " ";
				OTHER_REZFLAGS = "";
				PRODUCT_NAME = cpr;
				SECTORDER_FLAGS = "";
				SYMROOT = "/Users/bernardtaloza/Documents/cppworks/opensource/cpr-example/build_ios/build.debug/build.arm/opt/cpr/cpr";
				USE_HEADERMAP = NO;
				WARNING_CFLAGS = ("-Wmost", "-Wno-four-char-constants", "-Wno-unknown-pragmas", "$(inherited)", );
			};
			name = Release;
		};
		D6532F1ADC0244A183FF8AF2 /* Release */ = {
			isa = XCBuildConfiguration;
			buildSettings = {
				ARCHS = "armv7 armv7s arm64";
				CLANG_CXX_LANGUAGE_STANDARD = "c++11";
				CLANG_CXX_LIBRARY = "libc++";
				SDKROOT = /Applications/Xcode.app/Contents/Developer/Platforms/iPhoneOS.platform/Developer/SDKs/iPhoneOS9.2.sdk;
				SYMROOT = "/Users/bernardtaloza/Documents/cppworks/opensource/cpr-example/build_ios/build.debug/build.arm/opt/cpr/build";
			};
			name = Release;
		};
		F3E46A4C97FD416FB19EDAA5 /* RelWithDebInfo */ = {
			isa = XCBuildConfiguration;
			buildSettings = {
				COMBINE_HIDPI_IMAGES = YES;
				GCC_GENERATE_DEBUGGING_SYMBOLS = YES;
				GCC_INLINES_ARE_PRIVATE_EXTERN = NO;
				GCC_OPTIMIZATION_LEVEL = 0;
				GCC_PREPROCESSOR_DEFINITIONS = ("'CMAKE_INTDIR=\"$(CONFIGURATION)$(EFFECTIVE_PLATFORM_NAME)\"'", CMAKE_USE_OPENSSL, );
				GCC_SYMBOLS_PRIVATE_EXTERN = NO;
				INSTALL_PATH = "";
				OTHER_LDFLAGS = " ";
				OTHER_REZFLAGS = "";
				PRODUCT_NAME = ALL_BUILD;
				SECTORDER_FLAGS = "";
				SYMROOT = "/Users/bernardtaloza/Documents/cppworks/opensource/cpr-example/build_ios/build.debug/build.arm/opt/cpr";
				USE_HEADERMAP = NO;
				WARNING_CFLAGS = ("-Wmost", "-Wno-four-char-constants", "-Wno-unknown-pragmas", "$(inherited)", );
			};
			name = RelWithDebInfo;
		};
		F45B748ED19C453A97D9D50D /* Debug */ = {
			isa = XCBuildConfiguration;
			buildSettings = {
				COMBINE_HIDPI_IMAGES = YES;
				GCC_GENERATE_DEBUGGING_SYMBOLS = YES;
				GCC_INLINES_ARE_PRIVATE_EXTERN = NO;
				GCC_OPTIMIZATION_LEVEL = 0;
				GCC_PREPROCESSOR_DEFINITIONS = ("'CMAKE_INTDIR=\"$(CONFIGURATION)$(EFFECTIVE_PLATFORM_NAME)\"'", CMAKE_USE_OPENSSL, );
				GCC_SYMBOLS_PRIVATE_EXTERN = NO;
				INSTALL_PATH = "";
				OTHER_LDFLAGS = " ";
				OTHER_REZFLAGS = "";
				PRODUCT_NAME = ZERO_CHECK;
				SECTORDER_FLAGS = "";
				SYMROOT = "/Users/bernardtaloza/Documents/cppworks/opensource/cpr-example/build_ios/build.debug/build.arm/opt/cpr";
				USE_HEADERMAP = NO;
				WARNING_CFLAGS = ("-Wmost", "-Wno-four-char-constants", "-Wno-unknown-pragmas", "$(inherited)", );
			};
			name = Debug;
		};
/* End XCBuildConfiguration section */

/* Begin XCConfigurationList section */
		51A73C0929524EA8AFD7AEA5 /* Build configuration list for PBXNativeTarget "cpr" */ = {
			isa = XCConfigurationList;
			buildConfigurations = (
				52554D2912574579853939D9 /* Debug */,
				C46369D9CC284CC68481420C /* Release */,
				A0822F9169D94DA08B21B452 /* MinSizeRel */,
				BC6FC4A82DEA46D2A83ACCC8 /* RelWithDebInfo */,
			);
			defaultConfigurationIsVisible = 0;
			defaultConfigurationName = Debug;
		};
		9959B2FD242A456AB9170D1A /* Build configuration list for PBXAggregateTarget "ZERO_CHECK" */ = {
			isa = XCConfigurationList;
			buildConfigurations = (
				F45B748ED19C453A97D9D50D /* Debug */,
				9CD539587D5248D191C0CE70 /* Release */,
				0F152463D0434401ABB2DBA5 /* MinSizeRel */,
				773140D212CD4849A99D5DBD /* RelWithDebInfo */,
			);
			defaultConfigurationIsVisible = 0;
			defaultConfigurationName = Debug;
		};
		D7E943A34BA04E5FB1FAB4F1 /* Build configuration list for PBXProject "cpr" */ = {
			isa = XCConfigurationList;
			buildConfigurations = (
				145349A5C0BE44498035E50D /* Debug */,
				D6532F1ADC0244A183FF8AF2 /* Release */,
				778556CD13FA4E659F279D19 /* MinSizeRel */,
				4C26E4A67C8C4A52BDDD503D /* RelWithDebInfo */,
			);
			defaultConfigurationIsVisible = 0;
			defaultConfigurationName = Debug;
		};
		D855960D734948F9BBA3F8C0 /* Build configuration list for PBXAggregateTarget "ALL_BUILD" */ = {
			isa = XCConfigurationList;
			buildConfigurations = (
				732E3D90637145538208CF51 /* Debug */,
				4F5062E6DC6245058F49C6E7 /* Release */,
				3A80A547EE5B4819B7029863 /* MinSizeRel */,
				F3E46A4C97FD416FB19EDAA5 /* RelWithDebInfo */,
			);
			defaultConfigurationIsVisible = 0;
			defaultConfigurationName = Debug;
		};
/* End XCConfigurationList section */
	};
	rootObject = E201753C16E6461BAD33B7CA /* Project object */;
}
