// !$*UTF8*$!
{
	archiveVersion = 1;
	classes = {
	};
	objectVersion = 46;
	objects = {

/* Begin PBXAggregateTarget section */
		5117A7F9056A4327A951994A /* ALL_BUILD */ = {
			isa = PBXAggregateTarget;
			buildConfigurationList = 84933E9A81CF4B64AB6F144D /* Build configuration list for PBXAggregateTarget "ALL_BUILD" */;
			buildPhases = (
				CDB5AFE69D8148D9B01E10A6 /* CMake Rules */,
			);
			dependencies = (
				67DBCB3C1DA54A54B9AE5CB8 /* PBXTargetDependency */,
				E1AD88CBF2D445659C4DCAC3 /* PBXTargetDependency */,
			);
			name = ALL_BUILD;
			productName = ALL_BUILD;
		};
		F25E87A6729E450B961F3053 /* ZERO_CHECK */ = {
			isa = PBXAggregateTarget;
			buildConfigurationList = EE89E98A08FB4F0B9509161D /* Build configuration list for PBXAggregateTarget "ZERO_CHECK" */;
			buildPhases = (
				9DAE7AF45C234DC5B9A885E7 /* CMake Rules */,
			);
			dependencies = (
			);
			name = ZERO_CHECK;
			productName = ZERO_CHECK;
		};
/* End PBXAggregateTarget section */

/* Begin PBXBuildFile section */
		27043273DB424C2CACA3F18C /* /Users/bernardtaloza/Documents/cppworks/opensource/cpr-example/example.cpp */ = {isa = PBXBuildFile; fileRef = B141D71B168A48479FCE13FA /* /Users/bernardtaloza/Documents/cppworks/opensource/cpr-example/example.cpp */; settings = {COMPILER_FLAGS = ""; }; };
		6FED44AF246845D2A7CCF9CE /* /Users/bernardtaloza/Documents/cppworks/opensource/cpr-example/CMakeLists.txt */ = {isa = PBXBuildFile; fileRef = 913EBEB74522437B9036E9C1 /* /Users/bernardtaloza/Documents/cppworks/opensource/cpr-example/CMakeLists.txt */; settings = {COMPILER_FLAGS = ""; }; };
/* End PBXBuildFile section */

/* Begin PBXBuildStyle section */
		0ACD2D4EC60F424BB272ACFE = {
			isa = PBXBuildStyle;
		};
		5BC988FB0C4746AC8ADF40DC /* MinSizeRel */ = {
			isa = PBXBuildStyle;
			buildSettings = {
				COPY_PHASE_STRIP = NO;
			};
			name = MinSizeRel;
		};
		64716D4F4CC24AE4BF33311F /* Release */ = {
			isa = PBXBuildStyle;
			buildSettings = {
				COPY_PHASE_STRIP = NO;
			};
			name = Release;
		};
		6D5E0F20564B4EAE97B2A7B5 /* Debug */ = {
			isa = PBXBuildStyle;
			buildSettings = {
				COPY_PHASE_STRIP = NO;
			};
			name = Debug;
		};
		AE5187B628114CBA8BC83DC3 /* RelWithDebInfo */ = {
			isa = PBXBuildStyle;
			buildSettings = {
				COPY_PHASE_STRIP = NO;
			};
			name = RelWithDebInfo;
		};
/* End PBXBuildStyle section */

/* Begin PBXContainerItemProxy section */
		1EBA55A3B2D14A6487BE0476 /* PBXContainerItemProxy */ = {
			isa = PBXContainerItemProxy;
			containerPortal = 08648D7D7E374012BBEA0C5E /* Project object */;
			proxyType = 1;
			remoteGlobalIDString = DDD66526455D4AE280FD73B5;
			remoteInfo = example;
		};
		9777C1195B99439C9E9D0D38 /* PBXContainerItemProxy */ = {
			isa = PBXContainerItemProxy;
			containerPortal = 08648D7D7E374012BBEA0C5E /* Project object */;
			proxyType = 1;
			remoteGlobalIDString = F25E87A6729E450B961F3053;
			remoteInfo = ZERO_CHECK;
		};
		C7FAD8D30BBE431CAC841571 /* PBXContainerItemProxy */ = {
			isa = PBXContainerItemProxy;
			containerPortal = 08648D7D7E374012BBEA0C5E /* Project object */;
			proxyType = 1;
			remoteGlobalIDString = F25E87A6729E450B961F3053;
			remoteInfo = ZERO_CHECK;
		};
/* End PBXContainerItemProxy section */

/* Begin PBXFileReference section */
		913EBEB74522437B9036E9C1 /* /Users/bernardtaloza/Documents/cppworks/opensource/cpr-example/CMakeLists.txt */ = {isa = PBXFileReference; explicitFileType = sourcecode.text; fileEncoding = 4; name = CMakeLists.txt; path = CMakeLists.txt; sourceTree = SOURCE_ROOT; };
		A552C5A52B324D7E91255883 /* example */ = {isa = PBXFileReference; explicitFileType = archive.ar; path = libexample.a; refType = 0; sourceTree = BUILT_PRODUCTS_DIR; };
		A7AE5EC8E0BC4842A40C4682 /* /Users/bernardtaloza/Documents/cppworks/opensource/cpr-example/CMakeLists.txt */ = {isa = PBXFileReference; explicitFileType = sourcecode.text; fileEncoding = 4; name = CMakeLists.txt; path = CMakeLists.txt; sourceTree = SOURCE_ROOT; };
		B141D71B168A48479FCE13FA /* /Users/bernardtaloza/Documents/cppworks/opensource/cpr-example/example.cpp */ = {isa = PBXFileReference; explicitFileType = sourcecode.cpp.cpp; fileEncoding = 4; name = example.cpp; path = example.cpp; sourceTree = SOURCE_ROOT; };
		EEF2770D545E4DF2B7FA9470 /* /Users/bernardtaloza/Documents/cppworks/opensource/cpr-example/CMakeLists.txt */ = {isa = PBXFileReference; explicitFileType = sourcecode.text; fileEncoding = 4; name = CMakeLists.txt; path = CMakeLists.txt; sourceTree = SOURCE_ROOT; };
/* End PBXFileReference section */

/* Begin PBXGroup section */
		096D9E87EAD64A2CADF2CC9E /* Resources */ = {
			isa = PBXGroup;
			children = (
			);
			name = Resources;
			sourceTree = "<group>";
		};
		5CC16137D47D45468914538D = {
			isa = PBXGroup;
			children = (
				FA67C05DD7154493946AAF47 /* Sources */,
				096D9E87EAD64A2CADF2CC9E /* Resources */,
				A48F5B9E267E4AE78321D148 /* Products */,
			);
			sourceTree = "<group>";
		};
		818B1AB6929640B2B603F53C /* example */ = {
			isa = PBXGroup;
			children = (
				9C4BE1285BB84A18948BD5E3 /* Source Files */,
				913EBEB74522437B9036E9C1 /* /Users/bernardtaloza/Documents/cppworks/opensource/cpr-example/CMakeLists.txt */,
			);
			name = example;
			sourceTree = "<group>";
		};
		9C4BE1285BB84A18948BD5E3 /* Source Files */ = {
			isa = PBXGroup;
			children = (
				B141D71B168A48479FCE13FA /* /Users/bernardtaloza/Documents/cppworks/opensource/cpr-example/example.cpp */,
			);
			name = "Source Files";
			sourceTree = "<group>";
		};
		A48F5B9E267E4AE78321D148 /* Products */ = {
			isa = PBXGroup;
			children = (
				A552C5A52B324D7E91255883 /* example */,
			);
			name = Products;
			sourceTree = "<group>";
		};
		BDE7EEC843474B6C93132621 /* ALL_BUILD */ = {
			isa = PBXGroup;
			children = (
				ED1C9E9CA7794F6DA197F6E3 /* CMake Rules */,
				A7AE5EC8E0BC4842A40C4682 /* /Users/bernardtaloza/Documents/cppworks/opensource/cpr-example/CMakeLists.txt */,
			);
			name = ALL_BUILD;
			sourceTree = "<group>";
		};
		C20C03F0E2674A85BAFE3EC4 /* ZERO_CHECK */ = {
			isa = PBXGroup;
			children = (
				DEAEF407AA2D42C7844D85A9 /* CMake Rules */,
				EEF2770D545E4DF2B7FA9470 /* /Users/bernardtaloza/Documents/cppworks/opensource/cpr-example/CMakeLists.txt */,
			);
			name = ZERO_CHECK;
			sourceTree = "<group>";
		};
		DEAEF407AA2D42C7844D85A9 /* CMake Rules */ = {
			isa = PBXGroup;
			children = (
			);
			name = "CMake Rules";
			sourceTree = "<group>";
		};
		ED1C9E9CA7794F6DA197F6E3 /* CMake Rules */ = {
			isa = PBXGroup;
			children = (
			);
			name = "CMake Rules";
			sourceTree = "<group>";
		};
		FA67C05DD7154493946AAF47 /* Sources */ = {
			isa = PBXGroup;
			children = (
				C20C03F0E2674A85BAFE3EC4 /* ZERO_CHECK */,
				BDE7EEC843474B6C93132621 /* ALL_BUILD */,
				818B1AB6929640B2B603F53C /* example */,
			);
			name = Sources;
			sourceTree = "<group>";
		};
/* End PBXGroup section */

/* Begin PBXNativeTarget section */
		DDD66526455D4AE280FD73B5 /* example */ = {
			isa = PBXNativeTarget;
			buildConfigurationList = 71EBA14EC6E9407CBBEC5CAC /* Build configuration list for PBXNativeTarget "example" */;
			buildPhases = (
				24ADBB10DBB346FAB1A14DCA /* Sources */,
			);
			buildRules = (
			);
			dependencies = (
				8EFCB83C108C4609A7A39ED5 /* PBXTargetDependency */,
			);
			name = example;
			productName = example;
			productReference = A552C5A52B324D7E91255883 /* example */;
			productType = "com.apple.product-type.library.static";
		};
/* End PBXNativeTarget section */

/* Begin PBXProject section */
		08648D7D7E374012BBEA0C5E /* Project object */ = {
			isa = PBXProject;
			attributes = {
				BuildIndependentTargetsInParallel = YES;
			};
			buildConfigurationList = 55AF17BB5DBE495CBE9F29E1 /* Build configuration list for PBXProject "cpr-example" */;
			buildSettings = {
			};
			buildStyles = (
				6D5E0F20564B4EAE97B2A7B5 /* Debug */,
				64716D4F4CC24AE4BF33311F /* Release */,
				5BC988FB0C4746AC8ADF40DC /* MinSizeRel */,
				AE5187B628114CBA8BC83DC3 /* RelWithDebInfo */,
			);
			compatibilityVersion = "Xcode 3.2";
			hasScannedForEncodings = 0;
			mainGroup = 5CC16137D47D45468914538D;
			projectDirPath = ../../../;
			projectRoot = "";
			targets = (
				5117A7F9056A4327A951994A /* ALL_BUILD */,
				F25E87A6729E450B961F3053 /* ZERO_CHECK */,
				DDD66526455D4AE280FD73B5 /* example */,
			);
		};
/* End PBXProject section */

/* Begin PBXShellScriptBuildPhase section */
		31ECB2CD55944921889BF8BA = {
			isa = PBXShellScriptBuildPhase;
			buildActionMask = 2147483647;
			files = (
			);
			inputPaths = (
			);
			outputPaths = (
			);
			runOnlyForDeploymentPostprocessing = 0;
			shellPath = /bin/sh;
			shellScript = "# shell script goes here
exit 0";
			showEnvVarsInLog = 0;
		};
		519F666DC4654B86B4086432 = {
			isa = PBXShellScriptBuildPhase;
			buildActionMask = 2147483647;
			files = (
			);
			inputPaths = (
			);
			outputPaths = (
			);
			runOnlyForDeploymentPostprocessing = 0;
			shellPath = /bin/sh;
			shellScript = "# shell script goes here
exit 0";
			showEnvVarsInLog = 0;
		};
		9DAE7AF45C234DC5B9A885E7 /* CMake Rules */ = {
			isa = PBXShellScriptBuildPhase;
			buildActionMask = 2147483647;
			files = (
			);
			name = "CMake Rules";
			runOnlyForDeploymentPostprocessing = 0;
			shellPath = /bin/sh;
			shellScript = "make -C /Users/bernardtaloza/Documents/cppworks/opensource/cpr-example/build_ios/build.debug/build.x86_64 -f /Users/bernardtaloza/Documents/cppworks/opensource/cpr-example/build_ios/build.debug/build.x86_64/CMakeScripts/ZERO_CHECK_cmakeRulesBuildPhase.make$CONFIGURATION all";
			showEnvVarsInLog = 0;
		};
		CDB5AFE69D8148D9B01E10A6 /* CMake Rules */ = {
			isa = PBXShellScriptBuildPhase;
			buildActionMask = 2147483647;
			files = (
			);
			name = "CMake Rules";
			runOnlyForDeploymentPostprocessing = 0;
			shellPath = /bin/sh;
			shellScript = "make -C /Users/bernardtaloza/Documents/cppworks/opensource/cpr-example/build_ios/build.debug/build.x86_64 -f /Users/bernardtaloza/Documents/cppworks/opensource/cpr-example/build_ios/build.debug/build.x86_64/CMakeScripts/ALL_BUILD_cmakeRulesBuildPhase.make$CONFIGURATION all";
			showEnvVarsInLog = 0;
		};
/* End PBXShellScriptBuildPhase section */

/* Begin PBXSourcesBuildPhase section */
		24ADBB10DBB346FAB1A14DCA /* Sources */ = {
			isa = PBXSourcesBuildPhase;
			buildActionMask = 2147483647;
			files = (
				27043273DB424C2CACA3F18C /* /Users/bernardtaloza/Documents/cppworks/opensource/cpr-example/example.cpp */,
			);
			runOnlyForDeploymentPostprocessing = 0;
		};
/* End PBXSourcesBuildPhase section */

/* Begin PBXTargetDependency section */
		67DBCB3C1DA54A54B9AE5CB8 /* PBXTargetDependency */ = {
			isa = PBXTargetDependency;
			target = DDD66526455D4AE280FD73B5 /* example */;
			targetProxy = 1EBA55A3B2D14A6487BE0476 /* PBXContainerItemProxy */;
		};
		8EFCB83C108C4609A7A39ED5 /* PBXTargetDependency */ = {
			isa = PBXTargetDependency;
			target = F25E87A6729E450B961F3053 /* ZERO_CHECK */;
			targetProxy = C7FAD8D30BBE431CAC841571 /* PBXContainerItemProxy */;
		};
		E1AD88CBF2D445659C4DCAC3 /* PBXTargetDependency */ = {
			isa = PBXTargetDependency;
			target = F25E87A6729E450B961F3053 /* ZERO_CHECK */;
			targetProxy = 9777C1195B99439C9E9D0D38 /* PBXContainerItemProxy */;
		};
/* End PBXTargetDependency section */

/* Begin XCBuildConfiguration section */
		077B870AC86641A6995051FF /* MinSizeRel */ = {
			isa = XCBuildConfiguration;
			buildSettings = {
				COMBINE_HIDPI_IMAGES = YES;
				GCC_GENERATE_DEBUGGING_SYMBOLS = YES;
				GCC_INLINES_ARE_PRIVATE_EXTERN = NO;
				GCC_OPTIMIZATION_LEVEL = 0;
				GCC_PREPROCESSOR_DEFINITIONS = ("'CMAKE_INTDIR=\"$(CONFIGURATION)$(EFFECTIVE_PLATFORM_NAME)\"'", );
				GCC_SYMBOLS_PRIVATE_EXTERN = NO;
				HEADER_SEARCH_PATHS = ("/Users/bernardtaloza/Documents/cppworks/opensource/cpr-example/include", "/Users/bernardtaloza/Documents/cppworks/opensource/cpr-example/build_ios/cpr/include", "/Users/bernardtaloza/Documents/cppworks/opensource/cpr-example/opt/json/src", );
				INSTALL_PATH = "";
				OTHER_LDFLAGS = " ";
				OTHER_REZFLAGS = "";
				PRODUCT_NAME = ALL_BUILD;
				SECTORDER_FLAGS = "";
				SYMROOT = "/Users/bernardtaloza/Documents/cppworks/opensource/cpr-example/build_ios/build.debug/build.x86_64";
				USE_HEADERMAP = NO;
				WARNING_CFLAGS = ("-Wmost", "-Wno-four-char-constants", "-Wno-unknown-pragmas", "$(inherited)", );
			};
			name = MinSizeRel;
		};
		07D36F625E434D87B2138064 /* Debug */ = {
			isa = XCBuildConfiguration;
			buildSettings = {
				COMBINE_HIDPI_IMAGES = YES;
				GCC_GENERATE_DEBUGGING_SYMBOLS = YES;
				GCC_INLINES_ARE_PRIVATE_EXTERN = NO;
				GCC_OPTIMIZATION_LEVEL = 0;
				GCC_PREPROCESSOR_DEFINITIONS = ("'CMAKE_INTDIR=\"$(CONFIGURATION)$(EFFECTIVE_PLATFORM_NAME)\"'", );
				GCC_SYMBOLS_PRIVATE_EXTERN = NO;
				HEADER_SEARCH_PATHS = ("/Users/bernardtaloza/Documents/cppworks/opensource/cpr-example/include", "/Users/bernardtaloza/Documents/cppworks/opensource/cpr-example/build_ios/cpr/include", "/Users/bernardtaloza/Documents/cppworks/opensource/cpr-example/opt/json/src", );
				INSTALL_PATH = "";
				OTHER_LDFLAGS = " ";
				OTHER_REZFLAGS = "";
				PRODUCT_NAME = ZERO_CHECK;
				SECTORDER_FLAGS = "";
				SYMROOT = "/Users/bernardtaloza/Documents/cppworks/opensource/cpr-example/build_ios/build.debug/build.x86_64";
				USE_HEADERMAP = NO;
				WARNING_CFLAGS = ("-Wmost", "-Wno-four-char-constants", "-Wno-unknown-pragmas", "$(inherited)", );
			};
			name = Debug;
		};
		55F07412A36648C1888EA3F7 /* RelWithDebInfo */ = {
			isa = XCBuildConfiguration;
			buildSettings = {
				ARCHS = x86_64;
				COMBINE_HIDPI_IMAGES = YES;
				CONFIGURATION_BUILD_DIR = "/Users/bernardtaloza/Documents/cppworks/opensource/cpr-example/build_ios/build.debug/build.x86_64/Binaries/RelWithDebInfo";
				EXECUTABLE_PREFIX = lib;
				EXECUTABLE_SUFFIX = .a;
				GCC_GENERATE_DEBUGGING_SYMBOLS = NO;
				GCC_INLINES_ARE_PRIVATE_EXTERN = NO;
				GCC_OPTIMIZATION_LEVEL = 0;
				GCC_PREPROCESSOR_DEFINITIONS = ("'CMAKE_INTDIR=\"$(CONFIGURATION)$(EFFECTIVE_PLATFORM_NAME)\"'", );
				GCC_SYMBOLS_PRIVATE_EXTERN = NO;
				HEADER_SEARCH_PATHS = ("/Users/bernardtaloza/Documents/cppworks/opensource/cpr-example/include", "/Users/bernardtaloza/Documents/cppworks/opensource/cpr-example/build_ios/cpr/include", "/Users/bernardtaloza/Documents/cppworks/opensource/cpr-example/opt/json/src", );
				INSTALL_PATH = "";
				LIBRARY_STYLE = STATIC;
				ONLY_ACTIVE_ARCH = NO;
				OTHER_CPLUSPLUSFLAGS = " -fvisibility=hidden -fvisibility-inlines-hidden -stdlib=libc++ -Wno-return-type-c-linkage -Wno-unneeded-internal-declaration -std=c++11 -fno-strict-aliasing  ";
				OTHER_LIBTOOLFLAGS = " ";
				OTHER_REZFLAGS = "";
				PRODUCT_NAME = example;
				SECTORDER_FLAGS = "";
				SYMROOT = "/Users/bernardtaloza/Documents/cppworks/opensource/cpr-example/build_ios/build.debug/build.x86_64";
				USE_HEADERMAP = NO;
				WARNING_CFLAGS = ("-Wmost", "-Wno-four-char-constants", "-Wno-unknown-pragmas", "$(inherited)", );
			};
			name = RelWithDebInfo;
		};
		5FBC3E66BF4B40CEBBFF2B78 /* MinSizeRel */ = {
			isa = XCBuildConfiguration;
			buildSettings = {
				COMBINE_HIDPI_IMAGES = YES;
				GCC_GENERATE_DEBUGGING_SYMBOLS = YES;
				GCC_INLINES_ARE_PRIVATE_EXTERN = NO;
				GCC_OPTIMIZATION_LEVEL = 0;
				GCC_PREPROCESSOR_DEFINITIONS = ("'CMAKE_INTDIR=\"$(CONFIGURATION)$(EFFECTIVE_PLATFORM_NAME)\"'", );
				GCC_SYMBOLS_PRIVATE_EXTERN = NO;
				HEADER_SEARCH_PATHS = ("/Users/bernardtaloza/Documents/cppworks/opensource/cpr-example/include", "/Users/bernardtaloza/Documents/cppworks/opensource/cpr-example/build_ios/cpr/include", "/Users/bernardtaloza/Documents/cppworks/opensource/cpr-example/opt/json/src", );
				INSTALL_PATH = "";
				OTHER_LDFLAGS = " ";
				OTHER_REZFLAGS = "";
				PRODUCT_NAME = ZERO_CHECK;
				SECTORDER_FLAGS = "";
				SYMROOT = "/Users/bernardtaloza/Documents/cppworks/opensource/cpr-example/build_ios/build.debug/build.x86_64";
				USE_HEADERMAP = NO;
				WARNING_CFLAGS = ("-Wmost", "-Wno-four-char-constants", "-Wno-unknown-pragmas", "$(inherited)", );
			};
			name = MinSizeRel;
		};
		6BEE589951924AE187A290C5 /* Release */ = {
			isa = XCBuildConfiguration;
			buildSettings = {
				ARCHS = x86_64;
				CLANG_CXX_LANGUAGE_STANDARD = "c++11";
				CLANG_CXX_LIBRARY = "libc++";
				SDKROOT = /Applications/Xcode.app/Contents/Developer/Platforms/iPhoneSimulator.platform/Developer/SDKs/iPhoneSimulator9.2.sdk;
				SYMROOT = "/Users/bernardtaloza/Documents/cppworks/opensource/cpr-example/build_ios/build.debug/build.x86_64/build";
			};
			name = Release;
		};
		6C3C3B5EAA914196A78CCAC8 /* RelWithDebInfo */ = {
			isa = XCBuildConfiguration;
			buildSettings = {
				ARCHS = x86_64;
				CLANG_CXX_LANGUAGE_STANDARD = "c++11";
				CLANG_CXX_LIBRARY = "libc++";
				SDKROOT = /Applications/Xcode.app/Contents/Developer/Platforms/iPhoneSimulator.platform/Developer/SDKs/iPhoneSimulator9.2.sdk;
				SYMROOT = "/Users/bernardtaloza/Documents/cppworks/opensource/cpr-example/build_ios/build.debug/build.x86_64/build";
			};
			name = RelWithDebInfo;
		};
		8CA091F3E9A047E1B1774F1B /* RelWithDebInfo */ = {
			isa = XCBuildConfiguration;
			buildSettings = {
				COMBINE_HIDPI_IMAGES = YES;
				GCC_GENERATE_DEBUGGING_SYMBOLS = YES;
				GCC_INLINES_ARE_PRIVATE_EXTERN = NO;
				GCC_OPTIMIZATION_LEVEL = 0;
				GCC_PREPROCESSOR_DEFINITIONS = ("'CMAKE_INTDIR=\"$(CONFIGURATION)$(EFFECTIVE_PLATFORM_NAME)\"'", );
				GCC_SYMBOLS_PRIVATE_EXTERN = NO;
				HEADER_SEARCH_PATHS = ("/Users/bernardtaloza/Documents/cppworks/opensource/cpr-example/include", "/Users/bernardtaloza/Documents/cppworks/opensource/cpr-example/build_ios/cpr/include", "/Users/bernardtaloza/Documents/cppworks/opensource/cpr-example/opt/json/src", );
				INSTALL_PATH = "";
				OTHER_LDFLAGS = " ";
				OTHER_REZFLAGS = "";
				PRODUCT_NAME = ALL_BUILD;
				SECTORDER_FLAGS = "";
				SYMROOT = "/Users/bernardtaloza/Documents/cppworks/opensource/cpr-example/build_ios/build.debug/build.x86_64";
				USE_HEADERMAP = NO;
				WARNING_CFLAGS = ("-Wmost", "-Wno-four-char-constants", "-Wno-unknown-pragmas", "$(inherited)", );
			};
			name = RelWithDebInfo;
		};
		8FDC6E36D1D0454B93F99342 /* Debug */ = {
			isa = XCBuildConfiguration;
			buildSettings = {
				COMBINE_HIDPI_IMAGES = YES;
				GCC_GENERATE_DEBUGGING_SYMBOLS = YES;
				GCC_INLINES_ARE_PRIVATE_EXTERN = NO;
				GCC_OPTIMIZATION_LEVEL = 0;
				GCC_PREPROCESSOR_DEFINITIONS = ("'CMAKE_INTDIR=\"$(CONFIGURATION)$(EFFECTIVE_PLATFORM_NAME)\"'", );
				GCC_SYMBOLS_PRIVATE_EXTERN = NO;
				HEADER_SEARCH_PATHS = ("/Users/bernardtaloza/Documents/cppworks/opensource/cpr-example/include", "/Users/bernardtaloza/Documents/cppworks/opensource/cpr-example/build_ios/cpr/include", "/Users/bernardtaloza/Documents/cppworks/opensource/cpr-example/opt/json/src", );
				INSTALL_PATH = "";
				OTHER_LDFLAGS = " ";
				OTHER_REZFLAGS = "";
				PRODUCT_NAME = ALL_BUILD;
				SECTORDER_FLAGS = "";
				SYMROOT = "/Users/bernardtaloza/Documents/cppworks/opensource/cpr-example/build_ios/build.debug/build.x86_64";
				USE_HEADERMAP = NO;
				WARNING_CFLAGS = ("-Wmost", "-Wno-four-char-constants", "-Wno-unknown-pragmas", "$(inherited)", );
			};
			name = Debug;
		};
		9137B3FDAE66432BAB353419 /* RelWithDebInfo */ = {
			isa = XCBuildConfiguration;
			buildSettings = {
				COMBINE_HIDPI_IMAGES = YES;
				GCC_GENERATE_DEBUGGING_SYMBOLS = YES;
				GCC_INLINES_ARE_PRIVATE_EXTERN = NO;
				GCC_OPTIMIZATION_LEVEL = 0;
				GCC_PREPROCESSOR_DEFINITIONS = ("'CMAKE_INTDIR=\"$(CONFIGURATION)$(EFFECTIVE_PLATFORM_NAME)\"'", );
				GCC_SYMBOLS_PRIVATE_EXTERN = NO;
				HEADER_SEARCH_PATHS = ("/Users/bernardtaloza/Documents/cppworks/opensource/cpr-example/include", "/Users/bernardtaloza/Documents/cppworks/opensource/cpr-example/build_ios/cpr/include", "/Users/bernardtaloza/Documents/cppworks/opensource/cpr-example/opt/json/src", );
				INSTALL_PATH = "";
				OTHER_LDFLAGS = " ";
				OTHER_REZFLAGS = "";
				PRODUCT_NAME = ZERO_CHECK;
				SECTORDER_FLAGS = "";
				SYMROOT = "/Users/bernardtaloza/Documents/cppworks/opensource/cpr-example/build_ios/build.debug/build.x86_64";
				USE_HEADERMAP = NO;
				WARNING_CFLAGS = ("-Wmost", "-Wno-four-char-constants", "-Wno-unknown-pragmas", "$(inherited)", );
			};
			name = RelWithDebInfo;
		};
		A98137B141AE47F3BDE4EB58 /* Debug */ = {
			isa = XCBuildConfiguration;
			buildSettings = {
				ARCHS = x86_64;
				CLANG_CXX_LANGUAGE_STANDARD = "c++11";
				CLANG_CXX_LIBRARY = "libc++";
				SDKROOT = /Applications/Xcode.app/Contents/Developer/Platforms/iPhoneSimulator.platform/Developer/SDKs/iPhoneSimulator9.2.sdk;
				SYMROOT = "/Users/bernardtaloza/Documents/cppworks/opensource/cpr-example/build_ios/build.debug/build.x86_64/build";
			};
			name = Debug;
		};
		AA3D3CD759D3434E95E43F62 /* Release */ = {
			isa = XCBuildConfiguration;
			buildSettings = {
				ARCHS = x86_64;
				COMBINE_HIDPI_IMAGES = YES;
				CONFIGURATION_BUILD_DIR = "/Users/bernardtaloza/Documents/cppworks/opensource/cpr-example/build_ios/build.debug/build.x86_64/Binaries/Release";
				EXECUTABLE_PREFIX = lib;
				EXECUTABLE_SUFFIX = .a;
				GCC_GENERATE_DEBUGGING_SYMBOLS = NO;
				GCC_INLINES_ARE_PRIVATE_EXTERN = NO;
				GCC_OPTIMIZATION_LEVEL = 0;
				GCC_PREPROCESSOR_DEFINITIONS = ("'CMAKE_INTDIR=\"$(CONFIGURATION)$(EFFECTIVE_PLATFORM_NAME)\"'", );
				GCC_SYMBOLS_PRIVATE_EXTERN = NO;
				HEADER_SEARCH_PATHS = ("/Users/bernardtaloza/Documents/cppworks/opensource/cpr-example/include", "/Users/bernardtaloza/Documents/cppworks/opensource/cpr-example/build_ios/cpr/include", "/Users/bernardtaloza/Documents/cppworks/opensource/cpr-example/opt/json/src", );
				INSTALL_PATH = "";
				LIBRARY_STYLE = STATIC;
				ONLY_ACTIVE_ARCH = NO;
				OTHER_CPLUSPLUSFLAGS = " -fvisibility=hidden -fvisibility-inlines-hidden -stdlib=libc++ -Wno-return-type-c-linkage -Wno-unneeded-internal-declaration -std=c++11 -fno-strict-aliasing  ";
				OTHER_LIBTOOLFLAGS = " ";
				OTHER_REZFLAGS = "";
				PRODUCT_NAME = example;
				SECTORDER_FLAGS = "";
				SYMROOT = "/Users/bernardtaloza/Documents/cppworks/opensource/cpr-example/build_ios/build.debug/build.x86_64";
				USE_HEADERMAP = NO;
				WARNING_CFLAGS = ("-Wmost", "-Wno-four-char-constants", "-Wno-unknown-pragmas", "$(inherited)", );
			};
			name = Release;
		};
		B016C526E58C4584BDB65759 /* Debug */ = {
			isa = XCBuildConfiguration;
			buildSettings = {
				ARCHS = x86_64;
				COMBINE_HIDPI_IMAGES = YES;
				CONFIGURATION_BUILD_DIR = "/Users/bernardtaloza/Documents/cppworks/opensource/cpr-example/build_ios/build.debug/build.x86_64/Binaries/Debug";
				EXECUTABLE_PREFIX = lib;
				EXECUTABLE_SUFFIX = .a;
				GCC_GENERATE_DEBUGGING_SYMBOLS = NO;
				GCC_INLINES_ARE_PRIVATE_EXTERN = NO;
				GCC_OPTIMIZATION_LEVEL = 0;
				GCC_PREPROCESSOR_DEFINITIONS = ("'CMAKE_INTDIR=\"$(CONFIGURATION)$(EFFECTIVE_PLATFORM_NAME)\"'", );
				GCC_SYMBOLS_PRIVATE_EXTERN = NO;
				HEADER_SEARCH_PATHS = ("/Users/bernardtaloza/Documents/cppworks/opensource/cpr-example/include", "/Users/bernardtaloza/Documents/cppworks/opensource/cpr-example/build_ios/cpr/include", "/Users/bernardtaloza/Documents/cppworks/opensource/cpr-example/opt/json/src", );
				INSTALL_PATH = "";
				LIBRARY_STYLE = STATIC;
				ONLY_ACTIVE_ARCH = NO;
				OTHER_CPLUSPLUSFLAGS = " -fvisibility=hidden -fvisibility-inlines-hidden -stdlib=libc++ -Wno-return-type-c-linkage -Wno-unneeded-internal-declaration -std=c++11 -fno-strict-aliasing  ";
				OTHER_LIBTOOLFLAGS = " ";
				OTHER_REZFLAGS = "";
				PRODUCT_NAME = example;
				SECTORDER_FLAGS = "";
				SYMROOT = "/Users/bernardtaloza/Documents/cppworks/opensource/cpr-example/build_ios/build.debug/build.x86_64";
				USE_HEADERMAP = NO;
				WARNING_CFLAGS = ("-Wmost", "-Wno-four-char-constants", "-Wno-unknown-pragmas", "$(inherited)", );
			};
			name = Debug;
		};
		CADC0925F3F24F34B4DDDD64 /* Release */ = {
			isa = XCBuildConfiguration;
			buildSettings = {
				COMBINE_HIDPI_IMAGES = YES;
				GCC_GENERATE_DEBUGGING_SYMBOLS = YES;
				GCC_INLINES_ARE_PRIVATE_EXTERN = NO;
				GCC_OPTIMIZATION_LEVEL = 0;
				GCC_PREPROCESSOR_DEFINITIONS = ("'CMAKE_INTDIR=\"$(CONFIGURATION)$(EFFECTIVE_PLATFORM_NAME)\"'", );
				GCC_SYMBOLS_PRIVATE_EXTERN = NO;
				HEADER_SEARCH_PATHS = ("/Users/bernardtaloza/Documents/cppworks/opensource/cpr-example/include", "/Users/bernardtaloza/Documents/cppworks/opensource/cpr-example/build_ios/cpr/include", "/Users/bernardtaloza/Documents/cppworks/opensource/cpr-example/opt/json/src", );
				INSTALL_PATH = "";
				OTHER_LDFLAGS = " ";
				OTHER_REZFLAGS = "";
				PRODUCT_NAME = ZERO_CHECK;
				SECTORDER_FLAGS = "";
				SYMROOT = "/Users/bernardtaloza/Documents/cppworks/opensource/cpr-example/build_ios/build.debug/build.x86_64";
				USE_HEADERMAP = NO;
				WARNING_CFLAGS = ("-Wmost", "-Wno-four-char-constants", "-Wno-unknown-pragmas", "$(inherited)", );
			};
			name = Release;
		};
		D11081570A4A4F44BF3192A0 /* MinSizeRel */ = {
			isa = XCBuildConfiguration;
			buildSettings = {
				ARCHS = x86_64;
				CLANG_CXX_LANGUAGE_STANDARD = "c++11";
				CLANG_CXX_LIBRARY = "libc++";
				SDKROOT = /Applications/Xcode.app/Contents/Developer/Platforms/iPhoneSimulator.platform/Developer/SDKs/iPhoneSimulator9.2.sdk;
				SYMROOT = "/Users/bernardtaloza/Documents/cppworks/opensource/cpr-example/build_ios/build.debug/build.x86_64/build";
			};
			name = MinSizeRel;
		};
		D20D95E9E12C49AEA24ACA46 /* Release */ = {
			isa = XCBuildConfiguration;
			buildSettings = {
				COMBINE_HIDPI_IMAGES = YES;
				GCC_GENERATE_DEBUGGING_SYMBOLS = YES;
				GCC_INLINES_ARE_PRIVATE_EXTERN = NO;
				GCC_OPTIMIZATION_LEVEL = 0;
				GCC_PREPROCESSOR_DEFINITIONS = ("'CMAKE_INTDIR=\"$(CONFIGURATION)$(EFFECTIVE_PLATFORM_NAME)\"'", );
				GCC_SYMBOLS_PRIVATE_EXTERN = NO;
				HEADER_SEARCH_PATHS = ("/Users/bernardtaloza/Documents/cppworks/opensource/cpr-example/include", "/Users/bernardtaloza/Documents/cppworks/opensource/cpr-example/build_ios/cpr/include", "/Users/bernardtaloza/Documents/cppworks/opensource/cpr-example/opt/json/src", );
				INSTALL_PATH = "";
				OTHER_LDFLAGS = " ";
				OTHER_REZFLAGS = "";
				PRODUCT_NAME = ALL_BUILD;
				SECTORDER_FLAGS = "";
				SYMROOT = "/Users/bernardtaloza/Documents/cppworks/opensource/cpr-example/build_ios/build.debug/build.x86_64";
				USE_HEADERMAP = NO;
				WARNING_CFLAGS = ("-Wmost", "-Wno-four-char-constants", "-Wno-unknown-pragmas", "$(inherited)", );
			};
			name = Release;
		};
		D2842F75FA654CC5B4EC4AF4 /* MinSizeRel */ = {
			isa = XCBuildConfiguration;
			buildSettings = {
				ARCHS = x86_64;
				COMBINE_HIDPI_IMAGES = YES;
				CONFIGURATION_BUILD_DIR = "/Users/bernardtaloza/Documents/cppworks/opensource/cpr-example/build_ios/build.debug/build.x86_64/Binaries/MinSizeRel";
				EXECUTABLE_PREFIX = lib;
				EXECUTABLE_SUFFIX = .a;
				GCC_GENERATE_DEBUGGING_SYMBOLS = NO;
				GCC_INLINES_ARE_PRIVATE_EXTERN = NO;
				GCC_OPTIMIZATION_LEVEL = 0;
				GCC_PREPROCESSOR_DEFINITIONS = ("'CMAKE_INTDIR=\"$(CONFIGURATION)$(EFFECTIVE_PLATFORM_NAME)\"'", );
				GCC_SYMBOLS_PRIVATE_EXTERN = NO;
				HEADER_SEARCH_PATHS = ("/Users/bernardtaloza/Documents/cppworks/opensource/cpr-example/include", "/Users/bernardtaloza/Documents/cppworks/opensource/cpr-example/build_ios/cpr/include", "/Users/bernardtaloza/Documents/cppworks/opensource/cpr-example/opt/json/src", );
				INSTALL_PATH = "";
				LIBRARY_STYLE = STATIC;
				ONLY_ACTIVE_ARCH = NO;
				OTHER_CPLUSPLUSFLAGS = " -fvisibility=hidden -fvisibility-inlines-hidden -stdlib=libc++ -Wno-return-type-c-linkage -Wno-unneeded-internal-declaration -std=c++11 -fno-strict-aliasing  ";
				OTHER_LIBTOOLFLAGS = " ";
				OTHER_REZFLAGS = "";
				PRODUCT_NAME = example;
				SECTORDER_FLAGS = "";
				SYMROOT = "/Users/bernardtaloza/Documents/cppworks/opensource/cpr-example/build_ios/build.debug/build.x86_64";
				USE_HEADERMAP = NO;
				WARNING_CFLAGS = ("-Wmost", "-Wno-four-char-constants", "-Wno-unknown-pragmas", "$(inherited)", );
			};
			name = MinSizeRel;
		};
/* End XCBuildConfiguration section */

/* Begin XCConfigurationList section */
		55AF17BB5DBE495CBE9F29E1 /* Build configuration list for PBXProject "cpr-example" */ = {
			isa = XCConfigurationList;
			buildConfigurations = (
				A98137B141AE47F3BDE4EB58 /* Debug */,
				6BEE589951924AE187A290C5 /* Release */,
				D11081570A4A4F44BF3192A0 /* MinSizeRel */,
				6C3C3B5EAA914196A78CCAC8 /* RelWithDebInfo */,
			);
			defaultConfigurationIsVisible = 0;
			defaultConfigurationName = Debug;
		};
		71EBA14EC6E9407CBBEC5CAC /* Build configuration list for PBXNativeTarget "example" */ = {
			isa = XCConfigurationList;
			buildConfigurations = (
				B016C526E58C4584BDB65759 /* Debug */,
				AA3D3CD759D3434E95E43F62 /* Release */,
				D2842F75FA654CC5B4EC4AF4 /* MinSizeRel */,
				55F07412A36648C1888EA3F7 /* RelWithDebInfo */,
			);
			defaultConfigurationIsVisible = 0;
			defaultConfigurationName = Debug;
		};
		84933E9A81CF4B64AB6F144D /* Build configuration list for PBXAggregateTarget "ALL_BUILD" */ = {
			isa = XCConfigurationList;
			buildConfigurations = (
				8FDC6E36D1D0454B93F99342 /* Debug */,
				D20D95E9E12C49AEA24ACA46 /* Release */,
				077B870AC86641A6995051FF /* MinSizeRel */,
				8CA091F3E9A047E1B1774F1B /* RelWithDebInfo */,
			);
			defaultConfigurationIsVisible = 0;
			defaultConfigurationName = Debug;
		};
		EE89E98A08FB4F0B9509161D /* Build configuration list for PBXAggregateTarget "ZERO_CHECK" */ = {
			isa = XCConfigurationList;
			buildConfigurations = (
				07D36F625E434D87B2138064 /* Debug */,
				CADC0925F3F24F34B4DDDD64 /* Release */,
				5FBC3E66BF4B40CEBBFF2B78 /* MinSizeRel */,
				9137B3FDAE66432BAB353419 /* RelWithDebInfo */,
			);
			defaultConfigurationIsVisible = 0;
			defaultConfigurationName = Debug;
		};
/* End XCConfigurationList section */
	};
	rootObject = 08648D7D7E374012BBEA0C5E /* Project object */;
}
